// !$*UTF8*$!
{
	archiveVersion = 1;
	classes = {
	};
	objectVersion = 50;
	objects = {

/* Begin PBXBuildFile section */
		FA43E72523904CFE0074D5E7 /* AppDelegate.swift in Sources */ = {isa = PBXBuildFile; fileRef = FA43E72423904CFE0074D5E7 /* AppDelegate.swift */; };
		FA43E72723904CFE0074D5E7 /* GameScene.sks in Resources */ = {isa = PBXBuildFile; fileRef = FA43E72623904CFE0074D5E7 /* GameScene.sks */; };
		FA43E72B23904CFE0074D5E7 /* GameScene.swift in Sources */ = {isa = PBXBuildFile; fileRef = FA43E72A23904CFE0074D5E7 /* GameScene.swift */; };
		FA43E72D23904CFE0074D5E7 /* GameViewController.swift in Sources */ = {isa = PBXBuildFile; fileRef = FA43E72C23904CFE0074D5E7 /* GameViewController.swift */; };
		FA43E73023904CFE0074D5E7 /* Main.storyboard in Resources */ = {isa = PBXBuildFile; fileRef = FA43E72E23904CFE0074D5E7 /* Main.storyboard */; };
		FA43E73223904CFF0074D5E7 /* Assets.xcassets in Resources */ = {isa = PBXBuildFile; fileRef = FA43E73123904CFF0074D5E7 /* Assets.xcassets */; };
		FA43E73523904CFF0074D5E7 /* LaunchScreen.storyboard in Resources */ = {isa = PBXBuildFile; fileRef = FA43E73323904CFF0074D5E7 /* LaunchScreen.storyboard */; };
		FA43E76423904D780074D5E7 /* stick0@2x.png in Resources */ = {isa = PBXBuildFile; fileRef = FA43E73D23904D740074D5E7 /* stick0@2x.png */; };
		FA43E76523904D780074D5E7 /* shots0.png in Resources */ = {isa = PBXBuildFile; fileRef = FA43E73E23904D750074D5E7 /* shots0.png */; };
		FA43E76623904D780074D5E7 /* target1@2x.png in Resources */ = {isa = PBXBuildFile; fileRef = FA43E73F23904D750074D5E7 /* target1@2x.png */; };
		FA43E76723904D780074D5E7 /* stick2.png in Resources */ = {isa = PBXBuildFile; fileRef = FA43E74023904D750074D5E7 /* stick2.png */; };
		FA43E76823904D780074D5E7 /* shots0@2x.png in Resources */ = {isa = PBXBuildFile; fileRef = FA43E74123904D750074D5E7 /* shots0@2x.png */; };
		FA43E76923904D780074D5E7 /* stick2@2x.png in Resources */ = {isa = PBXBuildFile; fileRef = FA43E74223904D750074D5E7 /* stick2@2x.png */; };
		FA43E76A23904D780074D5E7 /* shot.wav in Resources */ = {isa = PBXBuildFile; fileRef = FA43E74323904D750074D5E7 /* shot.wav */; };
		FA43E76B23904D780074D5E7 /* water-fg@2x.png in Resources */ = {isa = PBXBuildFile; fileRef = FA43E74423904D750074D5E7 /* water-fg@2x.png */; };
		FA43E76C23904D780074D5E7 /* stick1.png in Resources */ = {isa = PBXBuildFile; fileRef = FA43E74523904D750074D5E7 /* stick1.png */; };
		FA43E76D23904D780074D5E7 /* shots1@2x.png in Resources */ = {isa = PBXBuildFile; fileRef = FA43E74623904D750074D5E7 /* shots1@2x.png */; };
		FA43E76E23904D780074D5E7 /* shots1.png in Resources */ = {isa = PBXBuildFile; fileRef = FA43E74723904D750074D5E7 /* shots1.png */; };
		FA43E76F23904D780074D5E7 /* stick1@2x.png in Resources */ = {isa = PBXBuildFile; fileRef = FA43E74823904D750074D5E7 /* stick1@2x.png */; };
		FA43E77023904D780074D5E7 /* curtains@2x.png in Resources */ = {isa = PBXBuildFile; fileRef = FA43E74923904D750074D5E7 /* curtains@2x.png */; };
		FA43E77123904D780074D5E7 /* target3.png in Resources */ = {isa = PBXBuildFile; fileRef = FA43E74A23904D750074D5E7 /* target3.png */; };
		FA43E77223904D780074D5E7 /* water-fg.png in Resources */ = {isa = PBXBuildFile; fileRef = FA43E74B23904D750074D5E7 /* water-fg.png */; };
		FA43E77323904D780074D5E7 /* curtains.png in Resources */ = {isa = PBXBuildFile; fileRef = FA43E74C23904D750074D5E7 /* curtains.png */; };
		FA43E77423904D780074D5E7 /* grass-trees.png in Resources */ = {isa = PBXBuildFile; fileRef = FA43E74D23904D760074D5E7 /* grass-trees.png */; };
		FA43E77523904D780074D5E7 /* shots2.png in Resources */ = {isa = PBXBuildFile; fileRef = FA43E74E23904D760074D5E7 /* shots2.png */; };
		FA43E77623904D780074D5E7 /* reload.wav in Resources */ = {isa = PBXBuildFile; fileRef = FA43E74F23904D760074D5E7 /* reload.wav */; };
		FA43E77723904D780074D5E7 /* shots3@2x.png in Resources */ = {isa = PBXBuildFile; fileRef = FA43E75023904D760074D5E7 /* shots3@2x.png */; };
		FA43E77823904D780074D5E7 /* shots2@2x.png in Resources */ = {isa = PBXBuildFile; fileRef = FA43E75123904D760074D5E7 /* shots2@2x.png */; };
		FA43E77923904D780074D5E7 /* target0.png in Resources */ = {isa = PBXBuildFile; fileRef = FA43E75223904D760074D5E7 /* target0.png */; };
		FA43E77A23904D780074D5E7 /* stick0.png in Resources */ = {isa = PBXBuildFile; fileRef = FA43E75323904D760074D5E7 /* stick0.png */; };
		FA43E77B23904D780074D5E7 /* game-over.png in Resources */ = {isa = PBXBuildFile; fileRef = FA43E75423904D760074D5E7 /* game-over.png */; };
		FA43E77C23904D780074D5E7 /* target0@2x.png in Resources */ = {isa = PBXBuildFile; fileRef = FA43E75523904D760074D5E7 /* target0@2x.png */; };
		FA43E77D23904D780074D5E7 /* target2.png in Resources */ = {isa = PBXBuildFile; fileRef = FA43E75623904D760074D5E7 /* target2.png */; };
		FA43E77E23904D780074D5E7 /* game-over@2x.png in Resources */ = {isa = PBXBuildFile; fileRef = FA43E75723904D770074D5E7 /* game-over@2x.png */; };
		FA43E77F23904D780074D5E7 /* water-bg@2x.png in Resources */ = {isa = PBXBuildFile; fileRef = FA43E75823904D770074D5E7 /* water-bg@2x.png */; };
		FA43E78023904D780074D5E7 /* wood-background@2x.png in Resources */ = {isa = PBXBuildFile; fileRef = FA43E75923904D770074D5E7 /* wood-background@2x.png */; };
		FA43E78123904D780074D5E7 /* empty.wav in Resources */ = {isa = PBXBuildFile; fileRef = FA43E75A23904D770074D5E7 /* empty.wav */; };
		FA43E78223904D780074D5E7 /* shots3.png in Resources */ = {isa = PBXBuildFile; fileRef = FA43E75B23904D770074D5E7 /* shots3.png */; };
		FA43E78323904D780074D5E7 /* target3@2x.png in Resources */ = {isa = PBXBuildFile; fileRef = FA43E75C23904D770074D5E7 /* target3@2x.png */; };
		FA43E78423904D780074D5E7 /* target1.png in Resources */ = {isa = PBXBuildFile; fileRef = FA43E75D23904D770074D5E7 /* target1.png */; };
		FA43E78523904D780074D5E7 /* water-bg.png in Resources */ = {isa = PBXBuildFile; fileRef = FA43E75E23904D770074D5E7 /* water-bg.png */; };
		FA43E78623904D780074D5E7 /* wood-background.png in Resources */ = {isa = PBXBuildFile; fileRef = FA43E75F23904D770074D5E7 /* wood-background.png */; };
		FA43E78723904D780074D5E7 /* target2@2x.png in Resources */ = {isa = PBXBuildFile; fileRef = FA43E76023904D770074D5E7 /* target2@2x.png */; };
		FA43E78823904D780074D5E7 /* cursor.png in Resources */ = {isa = PBXBuildFile; fileRef = FA43E76123904D770074D5E7 /* cursor.png */; };
		FA43E78923904D780074D5E7 /* grass-trees@2x.png in Resources */ = {isa = PBXBuildFile; fileRef = FA43E76223904D780074D5E7 /* grass-trees@2x.png */; };
		FA43E78A23904D780074D5E7 /* cursor@2x.png in Resources */ = {isa = PBXBuildFile; fileRef = FA43E76323904D780074D5E7 /* cursor@2x.png */; };
/* End PBXBuildFile section */

/* Begin PBXFileReference section */
		FA43E72123904CFE0074D5E7 /* Milestone7.app */ = {isa = PBXFileReference; explicitFileType = wrapper.application; includeInIndex = 0; path = Milestone7.app; sourceTree = BUILT_PRODUCTS_DIR; };
		FA43E72423904CFE0074D5E7 /* AppDelegate.swift */ = {isa = PBXFileReference; lastKnownFileType = sourcecode.swift; path = AppDelegate.swift; sourceTree = "<group>"; };
		FA43E72623904CFE0074D5E7 /* GameScene.sks */ = {isa = PBXFileReference; lastKnownFileType = file.sks; path = GameScene.sks; sourceTree = "<group>"; };
		FA43E72A23904CFE0074D5E7 /* GameScene.swift */ = {isa = PBXFileReference; lastKnownFileType = sourcecode.swift; path = GameScene.swift; sourceTree = "<group>"; };
		FA43E72C23904CFE0074D5E7 /* GameViewController.swift */ = {isa = PBXFileReference; lastKnownFileType = sourcecode.swift; path = GameViewController.swift; sourceTree = "<group>"; };
		FA43E72F23904CFE0074D5E7 /* Base */ = {isa = PBXFileReference; lastKnownFileType = file.storyboard; name = Base; path = Base.lproj/Main.storyboard; sourceTree = "<group>"; };
		FA43E73123904CFF0074D5E7 /* Assets.xcassets */ = {isa = PBXFileReference; lastKnownFileType = folder.assetcatalog; path = Assets.xcassets; sourceTree = "<group>"; };
		FA43E73423904CFF0074D5E7 /* Base */ = {isa = PBXFileReference; lastKnownFileType = file.storyboard; name = Base; path = Base.lproj/LaunchScreen.storyboard; sourceTree = "<group>"; };
		FA43E73623904CFF0074D5E7 /* Info.plist */ = {isa = PBXFileReference; lastKnownFileType = text.plist.xml; path = Info.plist; sourceTree = "<group>"; };
		FA43E73D23904D740074D5E7 /* stick0@2x.png */ = {isa = PBXFileReference; lastKnownFileType = image.png; path = "stick0@2x.png"; sourceTree = "<group>"; };
		FA43E73E23904D750074D5E7 /* shots0.png */ = {isa = PBXFileReference; lastKnownFileType = image.png; path = shots0.png; sourceTree = "<group>"; };
		FA43E73F23904D750074D5E7 /* target1@2x.png */ = {isa = PBXFileReference; lastKnownFileType = image.png; path = "target1@2x.png"; sourceTree = "<group>"; };
		FA43E74023904D750074D5E7 /* stick2.png */ = {isa = PBXFileReference; lastKnownFileType = image.png; path = stick2.png; sourceTree = "<group>"; };
		FA43E74123904D750074D5E7 /* shots0@2x.png */ = {isa = PBXFileReference; lastKnownFileType = image.png; path = "shots0@2x.png"; sourceTree = "<group>"; };
		FA43E74223904D750074D5E7 /* stick2@2x.png */ = {isa = PBXFileReference; lastKnownFileType = image.png; path = "stick2@2x.png"; sourceTree = "<group>"; };
		FA43E74323904D750074D5E7 /* shot.wav */ = {isa = PBXFileReference; lastKnownFileType = audio.wav; path = shot.wav; sourceTree = "<group>"; };
		FA43E74423904D750074D5E7 /* water-fg@2x.png */ = {isa = PBXFileReference; lastKnownFileType = image.png; path = "water-fg@2x.png"; sourceTree = "<group>"; };
		FA43E74523904D750074D5E7 /* stick1.png */ = {isa = PBXFileReference; lastKnownFileType = image.png; path = stick1.png; sourceTree = "<group>"; };
		FA43E74623904D750074D5E7 /* shots1@2x.png */ = {isa = PBXFileReference; lastKnownFileType = image.png; path = "shots1@2x.png"; sourceTree = "<group>"; };
		FA43E74723904D750074D5E7 /* shots1.png */ = {isa = PBXFileReference; lastKnownFileType = image.png; path = shots1.png; sourceTree = "<group>"; };
		FA43E74823904D750074D5E7 /* stick1@2x.png */ = {isa = PBXFileReference; lastKnownFileType = image.png; path = "stick1@2x.png"; sourceTree = "<group>"; };
		FA43E74923904D750074D5E7 /* curtains@2x.png */ = {isa = PBXFileReference; lastKnownFileType = image.png; path = "curtains@2x.png"; sourceTree = "<group>"; };
		FA43E74A23904D750074D5E7 /* target3.png */ = {isa = PBXFileReference; lastKnownFileType = image.png; path = target3.png; sourceTree = "<group>"; };
		FA43E74B23904D750074D5E7 /* water-fg.png */ = {isa = PBXFileReference; lastKnownFileType = image.png; path = "water-fg.png"; sourceTree = "<group>"; };
		FA43E74C23904D750074D5E7 /* curtains.png */ = {isa = PBXFileReference; lastKnownFileType = image.png; path = curtains.png; sourceTree = "<group>"; };
		FA43E74D23904D760074D5E7 /* grass-trees.png */ = {isa = PBXFileReference; lastKnownFileType = image.png; path = "grass-trees.png"; sourceTree = "<group>"; };
		FA43E74E23904D760074D5E7 /* shots2.png */ = {isa = PBXFileReference; lastKnownFileType = image.png; path = shots2.png; sourceTree = "<group>"; };
		FA43E74F23904D760074D5E7 /* reload.wav */ = {isa = PBXFileReference; lastKnownFileType = audio.wav; path = reload.wav; sourceTree = "<group>"; };
		FA43E75023904D760074D5E7 /* shots3@2x.png */ = {isa = PBXFileReference; lastKnownFileType = image.png; path = "shots3@2x.png"; sourceTree = "<group>"; };
		FA43E75123904D760074D5E7 /* shots2@2x.png */ = {isa = PBXFileReference; lastKnownFileType = image.png; path = "shots2@2x.png"; sourceTree = "<group>"; };
		FA43E75223904D760074D5E7 /* target0.png */ = {isa = PBXFileReference; lastKnownFileType = image.png; path = target0.png; sourceTree = "<group>"; };
		FA43E75323904D760074D5E7 /* stick0.png */ = {isa = PBXFileReference; lastKnownFileType = image.png; path = stick0.png; sourceTree = "<group>"; };
		FA43E75423904D760074D5E7 /* game-over.png */ = {isa = PBXFileReference; lastKnownFileType = image.png; path = "game-over.png"; sourceTree = "<group>"; };
		FA43E75523904D760074D5E7 /* target0@2x.png */ = {isa = PBXFileReference; lastKnownFileType = image.png; path = "target0@2x.png"; sourceTree = "<group>"; };
		FA43E75623904D760074D5E7 /* target2.png */ = {isa = PBXFileReference; lastKnownFileType = image.png; path = target2.png; sourceTree = "<group>"; };
		FA43E75723904D770074D5E7 /* game-over@2x.png */ = {isa = PBXFileReference; lastKnownFileType = image.png; path = "game-over@2x.png"; sourceTree = "<group>"; };
		FA43E75823904D770074D5E7 /* water-bg@2x.png */ = {isa = PBXFileReference; lastKnownFileType = image.png; path = "water-bg@2x.png"; sourceTree = "<group>"; };
		FA43E75923904D770074D5E7 /* wood-background@2x.png */ = {isa = PBXFileReference; lastKnownFileType = image.png; path = "wood-background@2x.png"; sourceTree = "<group>"; };
		FA43E75A23904D770074D5E7 /* empty.wav */ = {isa = PBXFileReference; lastKnownFileType = audio.wav; path = empty.wav; sourceTree = "<group>"; };
		FA43E75B23904D770074D5E7 /* shots3.png */ = {isa = PBXFileReference; lastKnownFileType = image.png; path = shots3.png; sourceTree = "<group>"; };
		FA43E75C23904D770074D5E7 /* target3@2x.png */ = {isa = PBXFileReference; lastKnownFileType = image.png; path = "target3@2x.png"; sourceTree = "<group>"; };
		FA43E75D23904D770074D5E7 /* target1.png */ = {isa = PBXFileReference; lastKnownFileType = image.png; path = target1.png; sourceTree = "<group>"; };
		FA43E75E23904D770074D5E7 /* water-bg.png */ = {isa = PBXFileReference; lastKnownFileType = image.png; path = "water-bg.png"; sourceTree = "<group>"; };
		FA43E75F23904D770074D5E7 /* wood-background.png */ = {isa = PBXFileReference; lastKnownFileType = image.png; path = "wood-background.png"; sourceTree = "<group>"; };
		FA43E76023904D770074D5E7 /* target2@2x.png */ = {isa = PBXFileReference; lastKnownFileType = image.png; path = "target2@2x.png"; sourceTree = "<group>"; };
		FA43E76123904D770074D5E7 /* cursor.png */ = {isa = PBXFileReference; lastKnownFileType = image.png; path = cursor.png; sourceTree = "<group>"; };
		FA43E76223904D780074D5E7 /* grass-trees@2x.png */ = {isa = PBXFileReference; lastKnownFileType = image.png; path = "grass-trees@2x.png"; sourceTree = "<group>"; };
		FA43E76323904D780074D5E7 /* cursor@2x.png */ = {isa = PBXFileReference; lastKnownFileType = image.png; path = "cursor@2x.png"; sourceTree = "<group>"; };
/* End PBXFileReference section */

/* Begin PBXFrameworksBuildPhase section */
		FA43E71E23904CFE0074D5E7 /* Frameworks */ = {
			isa = PBXFrameworksBuildPhase;
			buildActionMask = 2147483647;
			files = (
			);
			runOnlyForDeploymentPostprocessing = 0;
		};
/* End PBXFrameworksBuildPhase section */

/* Begin PBXGroup section */
		FA43E71823904CFE0074D5E7 = {
			isa = PBXGroup;
			children = (
				FA43E72323904CFE0074D5E7 /* Milestone7 */,
				FA43E72223904CFE0074D5E7 /* Products */,
			);
			sourceTree = "<group>";
		};
		FA43E72223904CFE0074D5E7 /* Products */ = {
			isa = PBXGroup;
			children = (
				FA43E72123904CFE0074D5E7 /* Milestone7.app */,
			);
			name = Products;
			sourceTree = "<group>";
		};
		FA43E72323904CFE0074D5E7 /* Milestone7 */ = {
			isa = PBXGroup;
			children = (
				FA43E72423904CFE0074D5E7 /* AppDelegate.swift */,
				FA43E72623904CFE0074D5E7 /* GameScene.sks */,
				FA43E72A23904CFE0074D5E7 /* GameScene.swift */,
				FA43E72C23904CFE0074D5E7 /* GameViewController.swift */,
				FA43E72E23904CFE0074D5E7 /* Main.storyboard */,
				FA43E73123904CFF0074D5E7 /* Assets.xcassets */,
				FA43E73323904CFF0074D5E7 /* LaunchScreen.storyboard */,
				FA43E73623904CFF0074D5E7 /* Info.plist */,
				FA43E73C23904D540074D5E7 /* Content */,
			);
			path = Milestone7;
			sourceTree = "<group>";
		};
		FA43E73C23904D540074D5E7 /* Content */ = {
			isa = PBXGroup;
			children = (
				FA43E76123904D770074D5E7 /* cursor.png */,
				FA43E76323904D780074D5E7 /* cursor@2x.png */,
				FA43E74C23904D750074D5E7 /* curtains.png */,
				FA43E74923904D750074D5E7 /* curtains@2x.png */,
				FA43E75A23904D770074D5E7 /* empty.wav */,
				FA43E75423904D760074D5E7 /* game-over.png */,
				FA43E75723904D770074D5E7 /* game-over@2x.png */,
				FA43E74D23904D760074D5E7 /* grass-trees.png */,
				FA43E76223904D780074D5E7 /* grass-trees@2x.png */,
				FA43E74F23904D760074D5E7 /* reload.wav */,
				FA43E74323904D750074D5E7 /* shot.wav */,
				FA43E73E23904D750074D5E7 /* shots0.png */,
				FA43E74123904D750074D5E7 /* shots0@2x.png */,
				FA43E74723904D750074D5E7 /* shots1.png */,
				FA43E74623904D750074D5E7 /* shots1@2x.png */,
				FA43E74E23904D760074D5E7 /* shots2.png */,
				FA43E75123904D760074D5E7 /* shots2@2x.png */,
				FA43E75B23904D770074D5E7 /* shots3.png */,
				FA43E75023904D760074D5E7 /* shots3@2x.png */,
				FA43E75323904D760074D5E7 /* stick0.png */,
				FA43E73D23904D740074D5E7 /* stick0@2x.png */,
				FA43E74523904D750074D5E7 /* stick1.png */,
				FA43E74823904D750074D5E7 /* stick1@2x.png */,
				FA43E74023904D750074D5E7 /* stick2.png */,
				FA43E74223904D750074D5E7 /* stick2@2x.png */,
				FA43E75223904D760074D5E7 /* target0.png */,
				FA43E75523904D760074D5E7 /* target0@2x.png */,
				FA43E75D23904D770074D5E7 /* target1.png */,
				FA43E73F23904D750074D5E7 /* target1@2x.png */,
				FA43E75623904D760074D5E7 /* target2.png */,
				FA43E76023904D770074D5E7 /* target2@2x.png */,
				FA43E74A23904D750074D5E7 /* target3.png */,
				FA43E75C23904D770074D5E7 /* target3@2x.png */,
				FA43E75E23904D770074D5E7 /* water-bg.png */,
				FA43E75823904D770074D5E7 /* water-bg@2x.png */,
				FA43E74B23904D750074D5E7 /* water-fg.png */,
				FA43E74423904D750074D5E7 /* water-fg@2x.png */,
				FA43E75F23904D770074D5E7 /* wood-background.png */,
				FA43E75923904D770074D5E7 /* wood-background@2x.png */,
			);
			path = Content;
			sourceTree = "<group>";
		};
/* End PBXGroup section */

/* Begin PBXNativeTarget section */
		FA43E72023904CFE0074D5E7 /* Milestone7 */ = {
			isa = PBXNativeTarget;
			buildConfigurationList = FA43E73923904CFF0074D5E7 /* Build configuration list for PBXNativeTarget "Milestone7" */;
			buildPhases = (
				FA43E71D23904CFE0074D5E7 /* Sources */,
				FA43E71E23904CFE0074D5E7 /* Frameworks */,
				FA43E71F23904CFE0074D5E7 /* Resources */,
			);
			buildRules = (
			);
			dependencies = (
			);
			name = Milestone7;
			productName = Milestone7;
			productReference = FA43E72123904CFE0074D5E7 /* Milestone7.app */;
			productType = "com.apple.product-type.application";
		};
/* End PBXNativeTarget section */

/* Begin PBXProject section */
		FA43E71923904CFE0074D5E7 /* Project object */ = {
			isa = PBXProject;
			attributes = {
				LastSwiftUpdateCheck = 1120;
				LastUpgradeCheck = 1120;
				ORGANIZATIONNAME = "Alexander Tu";
				TargetAttributes = {
					FA43E72023904CFE0074D5E7 = {
						CreatedOnToolsVersion = 11.2.1;
					};
				};
			};
			buildConfigurationList = FA43E71C23904CFE0074D5E7 /* Build configuration list for PBXProject "Milestone7" */;
			compatibilityVersion = "Xcode 9.3";
			developmentRegion = en;
			hasScannedForEncodings = 0;
			knownRegions = (
				en,
				Base,
			);
			mainGroup = FA43E71823904CFE0074D5E7;
			productRefGroup = FA43E72223904CFE0074D5E7 /* Products */;
			projectDirPath = "";
			projectRoot = "";
			targets = (
				FA43E72023904CFE0074D5E7 /* Milestone7 */,
			);
		};
/* End PBXProject section */

/* Begin PBXResourcesBuildPhase section */
		FA43E71F23904CFE0074D5E7 /* Resources */ = {
			isa = PBXResourcesBuildPhase;
			buildActionMask = 2147483647;
			files = (
				FA43E76723904D780074D5E7 /* stick2.png in Resources */,
				FA43E78823904D780074D5E7 /* cursor.png in Resources */,
				FA43E76823904D780074D5E7 /* shots0@2x.png in Resources */,
				FA43E76F23904D780074D5E7 /* stick1@2x.png in Resources */,
				FA43E77323904D780074D5E7 /* curtains.png in Resources */,
				FA43E77423904D780074D5E7 /* grass-trees.png in Resources */,
				FA43E77623904D780074D5E7 /* reload.wav in Resources */,
				FA43E77023904D780074D5E7 /* curtains@2x.png in Resources */,
				FA43E78A23904D780074D5E7 /* cursor@2x.png in Resources */,
				FA43E77A23904D780074D5E7 /* stick0.png in Resources */,
				FA43E77B23904D780074D5E7 /* game-over.png in Resources */,
				FA43E77F23904D780074D5E7 /* water-bg@2x.png in Resources */,
				FA43E76423904D780074D5E7 /* stick0@2x.png in Resources */,
				FA43E78023904D780074D5E7 /* wood-background@2x.png in Resources */,
				FA43E73023904CFE0074D5E7 /* Main.storyboard in Resources */,
				FA43E72723904CFE0074D5E7 /* GameScene.sks in Resources */,
				FA43E77523904D780074D5E7 /* shots2.png in Resources */,
				FA43E78323904D780074D5E7 /* target3@2x.png in Resources */,
				FA43E76923904D780074D5E7 /* stick2@2x.png in Resources */,
				FA43E77223904D780074D5E7 /* water-fg.png in Resources */,
				FA43E76C23904D780074D5E7 /* stick1.png in Resources */,
				FA43E78723904D780074D5E7 /* target2@2x.png in Resources */,
				FA43E77E23904D780074D5E7 /* game-over@2x.png in Resources */,
				FA43E78923904D780074D5E7 /* grass-trees@2x.png in Resources */,
				FA43E76A23904D780074D5E7 /* shot.wav in Resources */,
				FA43E76623904D780074D5E7 /* target1@2x.png in Resources */,
				FA43E77C23904D780074D5E7 /* target0@2x.png in Resources */,
				FA43E77123904D780074D5E7 /* target3.png in Resources */,
				FA43E78123904D780074D5E7 /* empty.wav in Resources */,
				FA43E77823904D780074D5E7 /* shots2@2x.png in Resources */,
				FA43E73223904CFF0074D5E7 /* Assets.xcassets in Resources */,
				FA43E76B23904D780074D5E7 /* water-fg@2x.png in Resources */,
				FA43E78523904D780074D5E7 /* water-bg.png in Resources */,
				FA43E78423904D780074D5E7 /* target1.png in Resources */,
				FA43E76D23904D780074D5E7 /* shots1@2x.png in Resources */,
				FA43E77723904D780074D5E7 /* shots3@2x.png in Resources */,
				FA43E78223904D780074D5E7 /* shots3.png in Resources */,
				FA43E73523904CFF0074D5E7 /* LaunchScreen.storyboard in Resources */,
				FA43E77923904D780074D5E7 /* target0.png in Resources */,
				FA43E76523904D780074D5E7 /* shots0.png in Resources */,
				FA43E78623904D780074D5E7 /* wood-background.png in Resources */,
				FA43E76E23904D780074D5E7 /* shots1.png in Resources */,
				FA43E77D23904D780074D5E7 /* target2.png in Resources */,
			);
			runOnlyForDeploymentPostprocessing = 0;
		};
/* End PBXResourcesBuildPhase section */

/* Begin PBXSourcesBuildPhase section */
		FA43E71D23904CFE0074D5E7 /* Sources */ = {
			isa = PBXSourcesBuildPhase;
			buildActionMask = 2147483647;
			files = (
				FA43E72B23904CFE0074D5E7 /* GameScene.swift in Sources */,
				FA43E72D23904CFE0074D5E7 /* GameViewController.swift in Sources */,
				FA43E72523904CFE0074D5E7 /* AppDelegate.swift in Sources */,
			);
			runOnlyForDeploymentPostprocessing = 0;
		};
/* End PBXSourcesBuildPhase section */

/* Begin PBXVariantGroup section */
		FA43E72E23904CFE0074D5E7 /* Main.storyboard */ = {
			isa = PBXVariantGroup;
			children = (
				FA43E72F23904CFE0074D5E7 /* Base */,
			);
			name = Main.storyboard;
			sourceTree = "<group>";
		};
		FA43E73323904CFF0074D5E7 /* LaunchScreen.storyboard */ = {
			isa = PBXVariantGroup;
			children = (
				FA43E73423904CFF0074D5E7 /* Base */,
			);
			name = LaunchScreen.storyboard;
			sourceTree = "<group>";
		};
/* End PBXVariantGroup section */

/* Begin XCBuildConfiguration section */
		FA43E73723904CFF0074D5E7 /* Debug */ = {
			isa = XCBuildConfiguration;
			buildSettings = {
				ALWAYS_SEARCH_USER_PATHS = NO;
				CLANG_ANALYZER_NONNULL = YES;
				CLANG_ANALYZER_NUMBER_OBJECT_CONVERSION = YES_AGGRESSIVE;
				CLANG_CXX_LANGUAGE_STANDARD = "gnu++14";
				CLANG_CXX_LIBRARY = "libc++";
				CLANG_ENABLE_MODULES = YES;
				CLANG_ENABLE_OBJC_ARC = YES;
				CLANG_ENABLE_OBJC_WEAK = YES;
				CLANG_WARN_BLOCK_CAPTURE_AUTORELEASING = YES;
				CLANG_WARN_BOOL_CONVERSION = YES;
				CLANG_WARN_COMMA = YES;
				CLANG_WARN_CONSTANT_CONVERSION = YES;
				CLANG_WARN_DEPRECATED_OBJC_IMPLEMENTATIONS = YES;
				CLANG_WARN_DIRECT_OBJC_ISA_USAGE = YES_ERROR;
				CLANG_WARN_DOCUMENTATION_COMMENTS = YES;
				CLANG_WARN_EMPTY_BODY = YES;
				CLANG_WARN_ENUM_CONVERSION = YES;
				CLANG_WARN_INFINITE_RECURSION = YES;
				CLANG_WARN_INT_CONVERSION = YES;
				CLANG_WARN_NON_LITERAL_NULL_CONVERSION = YES;
				CLANG_WARN_OBJC_IMPLICIT_RETAIN_SELF = YES;
				CLANG_WARN_OBJC_LITERAL_CONVERSION = YES;
				CLANG_WARN_OBJC_ROOT_CLASS = YES_ERROR;
				CLANG_WARN_RANGE_LOOP_ANALYSIS = YES;
				CLANG_WARN_STRICT_PROTOTYPES = YES;
				CLANG_WARN_SUSPICIOUS_MOVE = YES;
				CLANG_WARN_UNGUARDED_AVAILABILITY = YES_AGGRESSIVE;
				CLANG_WARN_UNREACHABLE_CODE = YES;
				CLANG_WARN__DUPLICATE_METHOD_MATCH = YES;
				COPY_PHASE_STRIP = NO;
				DEBUG_INFORMATION_FORMAT = dwarf;
				ENABLE_STRICT_OBJC_MSGSEND = YES;
				ENABLE_TESTABILITY = YES;
				GCC_C_LANGUAGE_STANDARD = gnu11;
				GCC_DYNAMIC_NO_PIC = NO;
				GCC_NO_COMMON_BLOCKS = YES;
				GCC_OPTIMIZATION_LEVEL = 0;
				GCC_PREPROCESSOR_DEFINITIONS = (
					"DEBUG=1",
					"$(inherited)",
				);
				GCC_WARN_64_TO_32_BIT_CONVERSION = YES;
				GCC_WARN_ABOUT_RETURN_TYPE = YES_ERROR;
				GCC_WARN_UNDECLARED_SELECTOR = YES;
				GCC_WARN_UNINITIALIZED_AUTOS = YES_AGGRESSIVE;
				GCC_WARN_UNUSED_FUNCTION = YES;
				GCC_WARN_UNUSED_VARIABLE = YES;
				IPHONEOS_DEPLOYMENT_TARGET = 13.2;
				MTL_ENABLE_DEBUG_INFO = INCLUDE_SOURCE;
				MTL_FAST_MATH = YES;
				ONLY_ACTIVE_ARCH = YES;
				SDKROOT = iphoneos;
				SWIFT_ACTIVE_COMPILATION_CONDITIONS = DEBUG;
				SWIFT_OPTIMIZATION_LEVEL = "-Onone";
			};
			name = Debug;
		};
		FA43E73823904CFF0074D5E7 /* Release */ = {
			isa = XCBuildConfiguration;
			buildSettings = {
				ALWAYS_SEARCH_USER_PATHS = NO;
				CLANG_ANALYZER_NONNULL = YES;
				CLANG_ANALYZER_NUMBER_OBJECT_CONVERSION = YES_AGGRESSIVE;
				CLANG_CXX_LANGUAGE_STANDARD = "gnu++14";
				CLANG_CXX_LIBRARY = "libc++";
				CLANG_ENABLE_MODULES = YES;
				CLANG_ENABLE_OBJC_ARC = YES;
				CLANG_ENABLE_OBJC_WEAK = YES;
				CLANG_WARN_BLOCK_CAPTURE_AUTORELEASING = YES;
				CLANG_WARN_BOOL_CONVERSION = YES;
				CLANG_WARN_COMMA = YES;
				CLANG_WARN_CONSTANT_CONVERSION = YES;
				CLANG_WARN_DEPRECATED_OBJC_IMPLEMENTATIONS = YES;
				CLANG_WARN_DIRECT_OBJC_ISA_USAGE = YES_ERROR;
				CLANG_WARN_DOCUMENTATION_COMMENTS = YES;
				CLANG_WARN_EMPTY_BODY = YES;
				CLANG_WARN_ENUM_CONVERSION = YES;
				CLANG_WARN_INFINITE_RECURSION = YES;
				CLANG_WARN_INT_CONVERSION = YES;
				CLANG_WARN_NON_LITERAL_NULL_CONVERSION = YES;
				CLANG_WARN_OBJC_IMPLICIT_RETAIN_SELF = YES;
				CLANG_WARN_OBJC_LITERAL_CONVERSION = YES;
				CLANG_WARN_OBJC_ROOT_CLASS = YES_ERROR;
				CLANG_WARN_RANGE_LOOP_ANALYSIS = YES;
				CLANG_WARN_STRICT_PROTOTYPES = YES;
				CLANG_WARN_SUSPICIOUS_MOVE = YES;
				CLANG_WARN_UNGUARDED_AVAILABILITY = YES_AGGRESSIVE;
				CLANG_WARN_UNREACHABLE_CODE = YES;
				CLANG_WARN__DUPLICATE_METHOD_MATCH = YES;
				COPY_PHASE_STRIP = NO;
				DEBUG_INFORMATION_FORMAT = "dwarf-with-dsym";
				ENABLE_NS_ASSERTIONS = NO;
				ENABLE_STRICT_OBJC_MSGSEND = YES;
				GCC_C_LANGUAGE_STANDARD = gnu11;
				GCC_NO_COMMON_BLOCKS = YES;
				GCC_WARN_64_TO_32_BIT_CONVERSION = YES;
				GCC_WARN_ABOUT_RETURN_TYPE = YES_ERROR;
				GCC_WARN_UNDECLARED_SELECTOR = YES;
				GCC_WARN_UNINITIALIZED_AUTOS = YES_AGGRESSIVE;
				GCC_WARN_UNUSED_FUNCTION = YES;
				GCC_WARN_UNUSED_VARIABLE = YES;
				IPHONEOS_DEPLOYMENT_TARGET = 13.2;
				MTL_ENABLE_DEBUG_INFO = NO;
				MTL_FAST_MATH = YES;
				SDKROOT = iphoneos;
				SWIFT_COMPILATION_MODE = wholemodule;
				SWIFT_OPTIMIZATION_LEVEL = "-O";
				VALIDATE_PRODUCT = YES;
			};
			name = Release;
		};
		FA43E73A23904CFF0074D5E7 /* Debug */ = {
			isa = XCBuildConfiguration;
			buildSettings = {
				ASSETCATALOG_COMPILER_APPICON_NAME = AppIcon;
				CODE_SIGN_STYLE = Automatic;
				DEVELOPMENT_TEAM = 7WK33P8L9F;
				INFOPLIST_FILE = Milestone7/Info.plist;
				LD_RUNPATH_SEARCH_PATHS = (
					"$(inherited)",
					"@executable_path/Frameworks",
				);
				PRODUCT_BUNDLE_IDENTIFIER = me.tu.alexander.Milestone7;
				PRODUCT_NAME = "$(TARGET_NAME)";
				SWIFT_VERSION = 5.0;
				TARGETED_DEVICE_FAMILY = 2;
			};
			name = Debug;
		};
		FA43E73B23904CFF0074D5E7 /* Release */ = {
			isa = XCBuildConfiguration;
			buildSettings = {
				ASSETCATALOG_COMPILER_APPICON_NAME = AppIcon;
				CODE_SIGN_STYLE = Automatic;
				DEVELOPMENT_TEAM = 7WK33P8L9F;
				INFOPLIST_FILE = Milestone7/Info.plist;
				LD_RUNPATH_SEARCH_PATHS = (
					"$(inherited)",
					"@executable_path/Frameworks",
				);
				PRODUCT_BUNDLE_IDENTIFIER = me.tu.alexander.Milestone7;
				PRODUCT_NAME = "$(TARGET_NAME)";
				SWIFT_VERSION = 5.0;
				TARGETED_DEVICE_FAMILY = 2;
			};
			name = Release;
		};
/* End XCBuildConfiguration section */

/* Begin XCConfigurationList section */
		FA43E71C23904CFE0074D5E7 /* Build configuration list for PBXProject "Milestone7" */ = {
			isa = XCConfigurationList;
			buildConfigurations = (
				FA43E73723904CFF0074D5E7 /* Debug */,
				FA43E73823904CFF0074D5E7 /* Release */,
			);
			defaultConfigurationIsVisible = 0;
			defaultConfigurationName = Release;
		};
		FA43E73923904CFF0074D5E7 /* Build configuration list for PBXNativeTarget "Milestone7" */ = {
			isa = XCConfigurationList;
			buildConfigurations = (
				FA43E73A23904CFF0074D5E7 /* Debug */,
				FA43E73B23904CFF0074D5E7 /* Release */,
			);
			defaultConfigurationIsVisible = 0;
			defaultConfigurationName = Release;
		};
/* End XCConfigurationList section */
	};
	rootObject = FA43E71923904CFE0074D5E7 /* Project object */;
}
