// !$*UTF8*$!
{
	archiveVersion = 1;
	classes = {
	};
	objectVersion = 50;
	objects = {

/* Begin PBXBuildFile section */
		FA23344F2397081300687C05 /* AppDelegate.swift in Sources */ = {isa = PBXBuildFile; fileRef = FA23344E2397081300687C05 /* AppDelegate.swift */; };
		FA2334512397081300687C05 /* GameScene.sks in Resources */ = {isa = PBXBuildFile; fileRef = FA2334502397081300687C05 /* GameScene.sks */; };
		FA2334552397081300687C05 /* GameScene.swift in Sources */ = {isa = PBXBuildFile; fileRef = FA2334542397081300687C05 /* GameScene.swift */; };
		FA2334572397081300687C05 /* GameViewController.swift in Sources */ = {isa = PBXBuildFile; fileRef = FA2334562397081300687C05 /* GameViewController.swift */; };
		FA23345A2397081300687C05 /* Main.storyboard in Resources */ = {isa = PBXBuildFile; fileRef = FA2334582397081300687C05 /* Main.storyboard */; };
		FA23345C2397081500687C05 /* Assets.xcassets in Resources */ = {isa = PBXBuildFile; fileRef = FA23345B2397081500687C05 /* Assets.xcassets */; };
		FA23345F2397081500687C05 /* LaunchScreen.storyboard in Resources */ = {isa = PBXBuildFile; fileRef = FA23345D2397081500687C05 /* LaunchScreen.storyboard */; };
		FA2334782397094000687C05 /* sliceFuse.sks in Resources */ = {isa = PBXBuildFile; fileRef = FA2334672397094000687C05 /* sliceFuse.sks */; };
		FA2334792397094000687C05 /* sliceLife@2x.png in Resources */ = {isa = PBXBuildFile; fileRef = FA2334682397094000687C05 /* sliceLife@2x.png */; };
		FA23347A2397094000687C05 /* sliceBomb@2x.png in Resources */ = {isa = PBXBuildFile; fileRef = FA2334692397094000687C05 /* sliceBomb@2x.png */; };
		FA23347B2397094000687C05 /* sliceLifeGone@2x.png in Resources */ = {isa = PBXBuildFile; fileRef = FA23346A2397094000687C05 /* sliceLifeGone@2x.png */; };
		FA23347C2397094000687C05 /* spark.png in Resources */ = {isa = PBXBuildFile; fileRef = FA23346B2397094000687C05 /* spark.png */; };
		FA23347D2397094000687C05 /* wrong.caf in Resources */ = {isa = PBXBuildFile; fileRef = FA23346C2397094000687C05 /* wrong.caf */; };
		FA23347E2397094000687C05 /* whack.caf in Resources */ = {isa = PBXBuildFile; fileRef = FA23346D2397094000687C05 /* whack.caf */; };
		FA23347F2397094000687C05 /* launch.caf in Resources */ = {isa = PBXBuildFile; fileRef = FA23346E2397094000687C05 /* launch.caf */; };
		FA2334802397094000687C05 /* explosion.caf in Resources */ = {isa = PBXBuildFile; fileRef = FA23346F2397094000687C05 /* explosion.caf */; };
		FA2334812397094000687C05 /* sliceBackground@2x.png in Resources */ = {isa = PBXBuildFile; fileRef = FA2334702397094000687C05 /* sliceBackground@2x.png */; };
		FA2334822397094000687C05 /* sliceHitEnemy.sks in Resources */ = {isa = PBXBuildFile; fileRef = FA2334712397094000687C05 /* sliceHitEnemy.sks */; };
		FA2334832397094000687C05 /* sliceBombFuse.caf in Resources */ = {isa = PBXBuildFile; fileRef = FA2334722397094000687C05 /* sliceBombFuse.caf */; };
		FA2334842397094000687C05 /* sliceHitBomb.sks in Resources */ = {isa = PBXBuildFile; fileRef = FA2334732397094000687C05 /* sliceHitBomb.sks */; };
		FA2334852397094000687C05 /* penguin@2x.png in Resources */ = {isa = PBXBuildFile; fileRef = FA2334742397094000687C05 /* penguin@2x.png */; };
		FA2334862397094000687C05 /* swoosh3.caf in Resources */ = {isa = PBXBuildFile; fileRef = FA2334752397094000687C05 /* swoosh3.caf */; };
		FA2334872397094000687C05 /* swoosh2.caf in Resources */ = {isa = PBXBuildFile; fileRef = FA2334762397094000687C05 /* swoosh2.caf */; };
		FA2334882397094000687C05 /* swoosh1.caf in Resources */ = {isa = PBXBuildFile; fileRef = FA2334772397094000687C05 /* swoosh1.caf */; };
/* End PBXBuildFile section */

/* Begin PBXFileReference section */
		FA23344B2397081300687C05 /* Project23.app */ = {isa = PBXFileReference; explicitFileType = wrapper.application; includeInIndex = 0; path = Project23.app; sourceTree = BUILT_PRODUCTS_DIR; };
		FA23344E2397081300687C05 /* AppDelegate.swift */ = {isa = PBXFileReference; lastKnownFileType = sourcecode.swift; path = AppDelegate.swift; sourceTree = "<group>"; };
		FA2334502397081300687C05 /* GameScene.sks */ = {isa = PBXFileReference; lastKnownFileType = file.sks; path = GameScene.sks; sourceTree = "<group>"; };
		FA2334542397081300687C05 /* GameScene.swift */ = {isa = PBXFileReference; lastKnownFileType = sourcecode.swift; path = GameScene.swift; sourceTree = "<group>"; };
		FA2334562397081300687C05 /* GameViewController.swift */ = {isa = PBXFileReference; lastKnownFileType = sourcecode.swift; path = GameViewController.swift; sourceTree = "<group>"; };
		FA2334592397081300687C05 /* Base */ = {isa = PBXFileReference; lastKnownFileType = file.storyboard; name = Base; path = Base.lproj/Main.storyboard; sourceTree = "<group>"; };
		FA23345B2397081500687C05 /* Assets.xcassets */ = {isa = PBXFileReference; lastKnownFileType = folder.assetcatalog; path = Assets.xcassets; sourceTree = "<group>"; };
		FA23345E2397081500687C05 /* Base */ = {isa = PBXFileReference; lastKnownFileType = file.storyboard; name = Base; path = Base.lproj/LaunchScreen.storyboard; sourceTree = "<group>"; };
		FA2334602397081500687C05 /* Info.plist */ = {isa = PBXFileReference; lastKnownFileType = text.plist.xml; path = Info.plist; sourceTree = "<group>"; };
		FA2334672397094000687C05 /* sliceFuse.sks */ = {isa = PBXFileReference; lastKnownFileType = file.sks; path = sliceFuse.sks; sourceTree = "<group>"; };
		FA2334682397094000687C05 /* sliceLife@2x.png */ = {isa = PBXFileReference; lastKnownFileType = image.png; path = "sliceLife@2x.png"; sourceTree = "<group>"; };
		FA2334692397094000687C05 /* sliceBomb@2x.png */ = {isa = PBXFileReference; lastKnownFileType = image.png; path = "sliceBomb@2x.png"; sourceTree = "<group>"; };
		FA23346A2397094000687C05 /* sliceLifeGone@2x.png */ = {isa = PBXFileReference; lastKnownFileType = image.png; path = "sliceLifeGone@2x.png"; sourceTree = "<group>"; };
		FA23346B2397094000687C05 /* spark.png */ = {isa = PBXFileReference; lastKnownFileType = image.png; path = spark.png; sourceTree = "<group>"; };
		FA23346C2397094000687C05 /* wrong.caf */ = {isa = PBXFileReference; lastKnownFileType = file; path = wrong.caf; sourceTree = "<group>"; };
		FA23346D2397094000687C05 /* whack.caf */ = {isa = PBXFileReference; lastKnownFileType = file; path = whack.caf; sourceTree = "<group>"; };
		FA23346E2397094000687C05 /* launch.caf */ = {isa = PBXFileReference; lastKnownFileType = file; path = launch.caf; sourceTree = "<group>"; };
		FA23346F2397094000687C05 /* explosion.caf */ = {isa = PBXFileReference; lastKnownFileType = file; path = explosion.caf; sourceTree = "<group>"; };
		FA2334702397094000687C05 /* sliceBackground@2x.png */ = {isa = PBXFileReference; lastKnownFileType = image.png; path = "sliceBackground@2x.png"; sourceTree = "<group>"; };
		FA2334712397094000687C05 /* sliceHitEnemy.sks */ = {isa = PBXFileReference; lastKnownFileType = file.sks; path = sliceHitEnemy.sks; sourceTree = "<group>"; };
		FA2334722397094000687C05 /* sliceBombFuse.caf */ = {isa = PBXFileReference; lastKnownFileType = file; path = sliceBombFuse.caf; sourceTree = "<group>"; };
		FA2334732397094000687C05 /* sliceHitBomb.sks */ = {isa = PBXFileReference; lastKnownFileType = file.sks; path = sliceHitBomb.sks; sourceTree = "<group>"; };
		FA2334742397094000687C05 /* penguin@2x.png */ = {isa = PBXFileReference; lastKnownFileType = image.png; path = "penguin@2x.png"; sourceTree = "<group>"; };
		FA2334752397094000687C05 /* swoosh3.caf */ = {isa = PBXFileReference; lastKnownFileType = file; path = swoosh3.caf; sourceTree = "<group>"; };
		FA2334762397094000687C05 /* swoosh2.caf */ = {isa = PBXFileReference; lastKnownFileType = file; path = swoosh2.caf; sourceTree = "<group>"; };
		FA2334772397094000687C05 /* swoosh1.caf */ = {isa = PBXFileReference; lastKnownFileType = file; path = swoosh1.caf; sourceTree = "<group>"; };
/* End PBXFileReference section */

/* Begin PBXFrameworksBuildPhase section */
		FA2334482397081300687C05 /* Frameworks */ = {
			isa = PBXFrameworksBuildPhase;
			buildActionMask = 2147483647;
			files = (
			);
			runOnlyForDeploymentPostprocessing = 0;
		};
/* End PBXFrameworksBuildPhase section */

/* Begin PBXGroup section */
		FA2334422397081300687C05 = {
			isa = PBXGroup;
			children = (
				FA23344D2397081300687C05 /* Project23 */,
				FA23344C2397081300687C05 /* Products */,
			);
			sourceTree = "<group>";
		};
		FA23344C2397081300687C05 /* Products */ = {
			isa = PBXGroup;
			children = (
				FA23344B2397081300687C05 /* Project23.app */,
			);
			name = Products;
			sourceTree = "<group>";
		};
		FA23344D2397081300687C05 /* Project23 */ = {
			isa = PBXGroup;
			children = (
				FA23344E2397081300687C05 /* AppDelegate.swift */,
				FA2334502397081300687C05 /* GameScene.sks */,
				FA2334542397081300687C05 /* GameScene.swift */,
				FA2334562397081300687C05 /* GameViewController.swift */,
				FA2334582397081300687C05 /* Main.storyboard */,
				FA23345B2397081500687C05 /* Assets.xcassets */,
				FA23345D2397081500687C05 /* LaunchScreen.storyboard */,
				FA2334602397081500687C05 /* Info.plist */,
				FA2334662397094000687C05 /* Content */,
			);
			path = Project23;
			sourceTree = "<group>";
		};
		FA2334662397094000687C05 /* Content */ = {
			isa = PBXGroup;
			children = (
				FA2334672397094000687C05 /* sliceFuse.sks */,
				FA2334682397094000687C05 /* sliceLife@2x.png */,
				FA2334692397094000687C05 /* sliceBomb@2x.png */,
				FA23346A2397094000687C05 /* sliceLifeGone@2x.png */,
				FA23346B2397094000687C05 /* spark.png */,
				FA23346C2397094000687C05 /* wrong.caf */,
				FA23346D2397094000687C05 /* whack.caf */,
				FA23346E2397094000687C05 /* launch.caf */,
				FA23346F2397094000687C05 /* explosion.caf */,
				FA2334702397094000687C05 /* sliceBackground@2x.png */,
				FA2334712397094000687C05 /* sliceHitEnemy.sks */,
				FA2334722397094000687C05 /* sliceBombFuse.caf */,
				FA2334732397094000687C05 /* sliceHitBomb.sks */,
				FA2334742397094000687C05 /* penguin@2x.png */,
				FA2334752397094000687C05 /* swoosh3.caf */,
				FA2334762397094000687C05 /* swoosh2.caf */,
				FA2334772397094000687C05 /* swoosh1.caf */,
			);
			path = Content;
			sourceTree = "<group>";
		};
/* End PBXGroup section */

/* Begin PBXNativeTarget section */
		FA23344A2397081300687C05 /* Project23 */ = {
			isa = PBXNativeTarget;
			buildConfigurationList = FA2334632397081500687C05 /* Build configuration list for PBXNativeTarget "Project23" */;
			buildPhases = (
				FA2334472397081300687C05 /* Sources */,
				FA2334482397081300687C05 /* Frameworks */,
				FA2334492397081300687C05 /* Resources */,
			);
			buildRules = (
			);
			dependencies = (
			);
			name = Project23;
			productName = Project23;
			productReference = FA23344B2397081300687C05 /* Project23.app */;
			productType = "com.apple.product-type.application";
		};
/* End PBXNativeTarget section */

/* Begin PBXProject section */
		FA2334432397081300687C05 /* Project object */ = {
			isa = PBXProject;
			attributes = {
				LastSwiftUpdateCheck = 1120;
				LastUpgradeCheck = 1120;
				ORGANIZATIONNAME = "Alexander Tu";
				TargetAttributes = {
					FA23344A2397081300687C05 = {
						CreatedOnToolsVersion = 11.2.1;
					};
				};
			};
			buildConfigurationList = FA2334462397081300687C05 /* Build configuration list for PBXProject "Project23" */;
			compatibilityVersion = "Xcode 9.3";
			developmentRegion = en;
			hasScannedForEncodings = 0;
			knownRegions = (
				en,
				Base,
			);
			mainGroup = FA2334422397081300687C05;
			productRefGroup = FA23344C2397081300687C05 /* Products */;
			projectDirPath = "";
			projectRoot = "";
			targets = (
				FA23344A2397081300687C05 /* Project23 */,
			);
		};
/* End PBXProject section */

/* Begin PBXResourcesBuildPhase section */
		FA2334492397081300687C05 /* Resources */ = {
			isa = PBXResourcesBuildPhase;
			buildActionMask = 2147483647;
			files = (
				FA2334872397094000687C05 /* swoosh2.caf in Resources */,
				FA23345A2397081300687C05 /* Main.storyboard in Resources */,
				FA2334852397094000687C05 /* penguin@2x.png in Resources */,
				FA23347F2397094000687C05 /* launch.caf in Resources */,
				FA2334862397094000687C05 /* swoosh3.caf in Resources */,
				FA23347C2397094000687C05 /* spark.png in Resources */,
				FA2334792397094000687C05 /* sliceLife@2x.png in Resources */,
				FA2334802397094000687C05 /* explosion.caf in Resources */,
				FA23347B2397094000687C05 /* sliceLifeGone@2x.png in Resources */,
				FA2334512397081300687C05 /* GameScene.sks in Resources */,
				FA23347A2397094000687C05 /* sliceBomb@2x.png in Resources */,
				FA2334782397094000687C05 /* sliceFuse.sks in Resources */,
				FA2334812397094000687C05 /* sliceBackground@2x.png in Resources */,
				FA23345C2397081500687C05 /* Assets.xcassets in Resources */,
				FA2334882397094000687C05 /* swoosh1.caf in Resources */,
				FA23347E2397094000687C05 /* whack.caf in Resources */,
				FA2334832397094000687C05 /* sliceBombFuse.caf in Resources */,
				FA2334822397094000687C05 /* sliceHitEnemy.sks in Resources */,
				FA23347D2397094000687C05 /* wrong.caf in Resources */,
				FA23345F2397081500687C05 /* LaunchScreen.storyboard in Resources */,
				FA2334842397094000687C05 /* sliceHitBomb.sks in Resources */,
			);
			runOnlyForDeploymentPostprocessing = 0;
		};
/* End PBXResourcesBuildPhase section */

/* Begin PBXSourcesBuildPhase section */
		FA2334472397081300687C05 /* Sources */ = {
			isa = PBXSourcesBuildPhase;
			buildActionMask = 2147483647;
			files = (
				FA2334552397081300687C05 /* GameScene.swift in Sources */,
				FA2334572397081300687C05 /* GameViewController.swift in Sources */,
				FA23344F2397081300687C05 /* AppDelegate.swift in Sources */,
			);
			runOnlyForDeploymentPostprocessing = 0;
		};
/* End PBXSourcesBuildPhase section */

/* Begin PBXVariantGroup section */
		FA2334582397081300687C05 /* Main.storyboard */ = {
			isa = PBXVariantGroup;
			children = (
				FA2334592397081300687C05 /* Base */,
			);
			name = Main.storyboard;
			sourceTree = "<group>";
		};
		FA23345D2397081500687C05 /* LaunchScreen.storyboard */ = {
			isa = PBXVariantGroup;
			children = (
				FA23345E2397081500687C05 /* Base */,
			);
			name = LaunchScreen.storyboard;
			sourceTree = "<group>";
		};
/* End PBXVariantGroup section */

/* Begin XCBuildConfiguration section */
		FA2334612397081500687C05 /* Debug */ = {
			isa = XCBuildConfiguration;
			buildSettings = {
				ALWAYS_SEARCH_USER_PATHS = NO;
				CLANG_ANALYZER_NONNULL = YES;
				CLANG_ANALYZER_NUMBER_OBJECT_CONVERSION = YES_AGGRESSIVE;
				CLANG_CXX_LANGUAGE_STANDARD = "gnu++14";
				CLANG_CXX_LIBRARY = "libc++";
				CLANG_ENABLE_MODULES = YES;
				CLANG_ENABLE_OBJC_ARC = YES;
				CLANG_ENABLE_OBJC_WEAK = YES;
				CLANG_WARN_BLOCK_CAPTURE_AUTORELEASING = YES;
				CLANG_WARN_BOOL_CONVERSION = YES;
				CLANG_WARN_COMMA = YES;
				CLANG_WARN_CONSTANT_CONVERSION = YES;
				CLANG_WARN_DEPRECATED_OBJC_IMPLEMENTATIONS = YES;
				CLANG_WARN_DIRECT_OBJC_ISA_USAGE = YES_ERROR;
				CLANG_WARN_DOCUMENTATION_COMMENTS = YES;
				CLANG_WARN_EMPTY_BODY = YES;
				CLANG_WARN_ENUM_CONVERSION = YES;
				CLANG_WARN_INFINITE_RECURSION = YES;
				CLANG_WARN_INT_CONVERSION = YES;
				CLANG_WARN_NON_LITERAL_NULL_CONVERSION = YES;
				CLANG_WARN_OBJC_IMPLICIT_RETAIN_SELF = YES;
				CLANG_WARN_OBJC_LITERAL_CONVERSION = YES;
				CLANG_WARN_OBJC_ROOT_CLASS = YES_ERROR;
				CLANG_WARN_RANGE_LOOP_ANALYSIS = YES;
				CLANG_WARN_STRICT_PROTOTYPES = YES;
				CLANG_WARN_SUSPICIOUS_MOVE = YES;
				CLANG_WARN_UNGUARDED_AVAILABILITY = YES_AGGRESSIVE;
				CLANG_WARN_UNREACHABLE_CODE = YES;
				CLANG_WARN__DUPLICATE_METHOD_MATCH = YES;
				COPY_PHASE_STRIP = NO;
				DEBUG_INFORMATION_FORMAT = dwarf;
				ENABLE_STRICT_OBJC_MSGSEND = YES;
				ENABLE_TESTABILITY = YES;
				GCC_C_LANGUAGE_STANDARD = gnu11;
				GCC_DYNAMIC_NO_PIC = NO;
				GCC_NO_COMMON_BLOCKS = YES;
				GCC_OPTIMIZATION_LEVEL = 0;
				GCC_PREPROCESSOR_DEFINITIONS = (
					"DEBUG=1",
					"$(inherited)",
				);
				GCC_WARN_64_TO_32_BIT_CONVERSION = YES;
				GCC_WARN_ABOUT_RETURN_TYPE = YES_ERROR;
				GCC_WARN_UNDECLARED_SELECTOR = YES;
				GCC_WARN_UNINITIALIZED_AUTOS = YES_AGGRESSIVE;
				GCC_WARN_UNUSED_FUNCTION = YES;
				GCC_WARN_UNUSED_VARIABLE = YES;
				IPHONEOS_DEPLOYMENT_TARGET = 13.2;
				MTL_ENABLE_DEBUG_INFO = INCLUDE_SOURCE;
				MTL_FAST_MATH = YES;
				ONLY_ACTIVE_ARCH = YES;
				SDKROOT = iphoneos;
				SWIFT_ACTIVE_COMPILATION_CONDITIONS = DEBUG;
				SWIFT_OPTIMIZATION_LEVEL = "-Onone";
			};
			name = Debug;
		};
		FA2334622397081500687C05 /* Release */ = {
			isa = XCBuildConfiguration;
			buildSettings = {
				ALWAYS_SEARCH_USER_PATHS = NO;
				CLANG_ANALYZER_NONNULL = YES;
				CLANG_ANALYZER_NUMBER_OBJECT_CONVERSION = YES_AGGRESSIVE;
				CLANG_CXX_LANGUAGE_STANDARD = "gnu++14";
				CLANG_CXX_LIBRARY = "libc++";
				CLANG_ENABLE_MODULES = YES;
				CLANG_ENABLE_OBJC_ARC = YES;
				CLANG_ENABLE_OBJC_WEAK = YES;
				CLANG_WARN_BLOCK_CAPTURE_AUTORELEASING = YES;
				CLANG_WARN_BOOL_CONVERSION = YES;
				CLANG_WARN_COMMA = YES;
				CLANG_WARN_CONSTANT_CONVERSION = YES;
				CLANG_WARN_DEPRECATED_OBJC_IMPLEMENTATIONS = YES;
				CLANG_WARN_DIRECT_OBJC_ISA_USAGE = YES_ERROR;
				CLANG_WARN_DOCUMENTATION_COMMENTS = YES;
				CLANG_WARN_EMPTY_BODY = YES;
				CLANG_WARN_ENUM_CONVERSION = YES;
				CLANG_WARN_INFINITE_RECURSION = YES;
				CLANG_WARN_INT_CONVERSION = YES;
				CLANG_WARN_NON_LITERAL_NULL_CONVERSION = YES;
				CLANG_WARN_OBJC_IMPLICIT_RETAIN_SELF = YES;
				CLANG_WARN_OBJC_LITERAL_CONVERSION = YES;
				CLANG_WARN_OBJC_ROOT_CLASS = YES_ERROR;
				CLANG_WARN_RANGE_LOOP_ANALYSIS = YES;
				CLANG_WARN_STRICT_PROTOTYPES = YES;
				CLANG_WARN_SUSPICIOUS_MOVE = YES;
				CLANG_WARN_UNGUARDED_AVAILABILITY = YES_AGGRESSIVE;
				CLANG_WARN_UNREACHABLE_CODE = YES;
				CLANG_WARN__DUPLICATE_METHOD_MATCH = YES;
				COPY_PHASE_STRIP = NO;
				DEBUG_INFORMATION_FORMAT = "dwarf-with-dsym";
				ENABLE_NS_ASSERTIONS = NO;
				ENABLE_STRICT_OBJC_MSGSEND = YES;
				GCC_C_LANGUAGE_STANDARD = gnu11;
				GCC_NO_COMMON_BLOCKS = YES;
				GCC_WARN_64_TO_32_BIT_CONVERSION = YES;
				GCC_WARN_ABOUT_RETURN_TYPE = YES_ERROR;
				GCC_WARN_UNDECLARED_SELECTOR = YES;
				GCC_WARN_UNINITIALIZED_AUTOS = YES_AGGRESSIVE;
				GCC_WARN_UNUSED_FUNCTION = YES;
				GCC_WARN_UNUSED_VARIABLE = YES;
				IPHONEOS_DEPLOYMENT_TARGET = 13.2;
				MTL_ENABLE_DEBUG_INFO = NO;
				MTL_FAST_MATH = YES;
				SDKROOT = iphoneos;
				SWIFT_COMPILATION_MODE = wholemodule;
				SWIFT_OPTIMIZATION_LEVEL = "-O";
				VALIDATE_PRODUCT = YES;
			};
			name = Release;
		};
		FA2334642397081500687C05 /* Debug */ = {
			isa = XCBuildConfiguration;
			buildSettings = {
				ASSETCATALOG_COMPILER_APPICON_NAME = AppIcon;
				CODE_SIGN_STYLE = Automatic;
				DEVELOPMENT_TEAM = 7WK33P8L9F;
				INFOPLIST_FILE = Project23/Info.plist;
				LD_RUNPATH_SEARCH_PATHS = (
					"$(inherited)",
					"@executable_path/Frameworks",
				);
				PRODUCT_BUNDLE_IDENTIFIER = me.tu.alexander.Project23;
				PRODUCT_NAME = "$(TARGET_NAME)";
				SWIFT_VERSION = 5.0;
				TARGETED_DEVICE_FAMILY = 2;
			};
			name = Debug;
		};
		FA2334652397081500687C05 /* Release */ = {
			isa = XCBuildConfiguration;
			buildSettings = {
				ASSETCATALOG_COMPILER_APPICON_NAME = AppIcon;
				CODE_SIGN_STYLE = Automatic;
				DEVELOPMENT_TEAM = 7WK33P8L9F;
				INFOPLIST_FILE = Project23/Info.plist;
				LD_RUNPATH_SEARCH_PATHS = (
					"$(inherited)",
					"@executable_path/Frameworks",
				);
				PRODUCT_BUNDLE_IDENTIFIER = me.tu.alexander.Project23;
				PRODUCT_NAME = "$(TARGET_NAME)";
				SWIFT_VERSION = 5.0;
				TARGETED_DEVICE_FAMILY = 2;
			};
			name = Release;
		};
/* End XCBuildConfiguration section */

/* Begin XCConfigurationList section */
		FA2334462397081300687C05 /* Build configuration list for PBXProject "Project23" */ = {
			isa = XCConfigurationList;
			buildConfigurations = (
				FA2334612397081500687C05 /* Debug */,
				FA2334622397081500687C05 /* Release */,
			);
			defaultConfigurationIsVisible = 0;
			defaultConfigurationName = Release;
		};
		FA2334632397081500687C05 /* Build configuration list for PBXNativeTarget "Project23" */ = {
			isa = XCConfigurationList;
			buildConfigurations = (
				FA2334642397081500687C05 /* Debug */,
				FA2334652397081500687C05 /* Release */,
			);
			defaultConfigurationIsVisible = 0;
			defaultConfigurationName = Release;
		};
/* End XCConfigurationList section */
	};
	rootObject = FA2334432397081300687C05 /* Project object */;
}
