// !$*UTF8*$!
{
	archiveVersion = 1;
	classes = {
	};
	objectVersion = 50;
	objects = {

/* Begin PBXBuildFile section */
		FAB381BB2368FFC000313E9E /* AppDelegate.swift in Sources */ = {isa = PBXBuildFile; fileRef = FAB381BA2368FFC000313E9E /* AppDelegate.swift */; };
		FAB381BD2368FFC000313E9E /* SceneDelegate.swift in Sources */ = {isa = PBXBuildFile; fileRef = FAB381BC2368FFC000313E9E /* SceneDelegate.swift */; };
		FAB381BF2368FFC000313E9E /* ViewController.swift in Sources */ = {isa = PBXBuildFile; fileRef = FAB381BE2368FFC000313E9E /* ViewController.swift */; };
		FAB381C22368FFC000313E9E /* Main.storyboard in Resources */ = {isa = PBXBuildFile; fileRef = FAB381C02368FFC000313E9E /* Main.storyboard */; };
		FAB381C42368FFC100313E9E /* Assets.xcassets in Resources */ = {isa = PBXBuildFile; fileRef = FAB381C32368FFC100313E9E /* Assets.xcassets */; };
		FAB381C72368FFC100313E9E /* LaunchScreen.storyboard in Resources */ = {isa = PBXBuildFile; fileRef = FAB381C52368FFC100313E9E /* LaunchScreen.storyboard */; };
		FAB381CF236905E500313E9E /* Petition.swift in Sources */ = {isa = PBXBuildFile; fileRef = FAB381CE236905E500313E9E /* Petition.swift */; };
		FAB381D1236906C500313E9E /* Petitions.swift in Sources */ = {isa = PBXBuildFile; fileRef = FAB381D0236906C500313E9E /* Petitions.swift */; };
		FAB381D323690CC400313E9E /* DetailViewController.swift in Sources */ = {isa = PBXBuildFile; fileRef = FAB381D223690CC400313E9E /* DetailViewController.swift */; };
/* End PBXBuildFile section */

/* Begin PBXFileReference section */
		FAB381B72368FFC000313E9E /* Project9.app */ = {isa = PBXFileReference; explicitFileType = wrapper.application; includeInIndex = 0; path = Project9.app; sourceTree = BUILT_PRODUCTS_DIR; };
		FAB381BA2368FFC000313E9E /* AppDelegate.swift */ = {isa = PBXFileReference; lastKnownFileType = sourcecode.swift; path = AppDelegate.swift; sourceTree = "<group>"; };
		FAB381BC2368FFC000313E9E /* SceneDelegate.swift */ = {isa = PBXFileReference; lastKnownFileType = sourcecode.swift; path = SceneDelegate.swift; sourceTree = "<group>"; };
		FAB381BE2368FFC000313E9E /* ViewController.swift */ = {isa = PBXFileReference; lastKnownFileType = sourcecode.swift; path = ViewController.swift; sourceTree = "<group>"; };
		FAB381C12368FFC000313E9E /* Base */ = {isa = PBXFileReference; lastKnownFileType = file.storyboard; name = Base; path = Base.lproj/Main.storyboard; sourceTree = "<group>"; };
		FAB381C32368FFC100313E9E /* Assets.xcassets */ = {isa = PBXFileReference; lastKnownFileType = folder.assetcatalog; path = Assets.xcassets; sourceTree = "<group>"; };
		FAB381C62368FFC100313E9E /* Base */ = {isa = PBXFileReference; lastKnownFileType = file.storyboard; name = Base; path = Base.lproj/LaunchScreen.storyboard; sourceTree = "<group>"; };
		FAB381C82368FFC100313E9E /* Info.plist */ = {isa = PBXFileReference; lastKnownFileType = text.plist.xml; path = Info.plist; sourceTree = "<group>"; };
		FAB381CE236905E500313E9E /* Petition.swift */ = {isa = PBXFileReference; lastKnownFileType = sourcecode.swift; path = Petition.swift; sourceTree = "<group>"; };
		FAB381D0236906C500313E9E /* Petitions.swift */ = {isa = PBXFileReference; lastKnownFileType = sourcecode.swift; path = Petitions.swift; sourceTree = "<group>"; };
		FAB381D223690CC400313E9E /* DetailViewController.swift */ = {isa = PBXFileReference; lastKnownFileType = sourcecode.swift; path = DetailViewController.swift; sourceTree = "<group>"; };
/* End PBXFileReference section */

/* Begin PBXFrameworksBuildPhase section */
		FAB381B42368FFC000313E9E /* Frameworks */ = {
			isa = PBXFrameworksBuildPhase;
			buildActionMask = 2147483647;
			files = (
			);
			runOnlyForDeploymentPostprocessing = 0;
		};
/* End PBXFrameworksBuildPhase section */

/* Begin PBXGroup section */
		FAB381AE2368FFC000313E9E = {
			isa = PBXGroup;
			children = (
				FAB381B92368FFC000313E9E /* Project9 */,
				FAB381B82368FFC000313E9E /* Products */,
			);
			sourceTree = "<group>";
		};
		FAB381B82368FFC000313E9E /* Products */ = {
			isa = PBXGroup;
			children = (
				FAB381B72368FFC000313E9E /* Project9.app */,
			);
			name = Products;
			sourceTree = "<group>";
		};
		FAB381B92368FFC000313E9E /* Project9 */ = {
			isa = PBXGroup;
			children = (
				FAB381BA2368FFC000313E9E /* AppDelegate.swift */,
				FAB381BC2368FFC000313E9E /* SceneDelegate.swift */,
				FAB381BE2368FFC000313E9E /* ViewController.swift */,
				FAB381D223690CC400313E9E /* DetailViewController.swift */,
				FAB381CE236905E500313E9E /* Petition.swift */,
				FAB381D0236906C500313E9E /* Petitions.swift */,
				FAB381C02368FFC000313E9E /* Main.storyboard */,
				FAB381C32368FFC100313E9E /* Assets.xcassets */,
				FAB381C52368FFC100313E9E /* LaunchScreen.storyboard */,
				FAB381C82368FFC100313E9E /* Info.plist */,
			);
			path = Project9;
			sourceTree = "<group>";
		};
/* End PBXGroup section */

/* Begin PBXNativeTarget section */
		FAB381B62368FFC000313E9E /* Project9 */ = {
			isa = PBXNativeTarget;
			buildConfigurationList = FAB381CB2368FFC100313E9E /* Build configuration list for PBXNativeTarget "Project9" */;
			buildPhases = (
				FAB381B32368FFC000313E9E /* Sources */,
				FAB381B42368FFC000313E9E /* Frameworks */,
				FAB381B52368FFC000313E9E /* Resources */,
			);
			buildRules = (
			);
			dependencies = (
			);
			name = Project9;
			productName = Project7;
			productReference = FAB381B72368FFC000313E9E /* Project9.app */;
			productType = "com.apple.product-type.application";
		};
/* End PBXNativeTarget section */

/* Begin PBXProject section */
		FAB381AF2368FFC000313E9E /* Project object */ = {
			isa = PBXProject;
			attributes = {
				LastSwiftUpdateCheck = 1120;
				LastUpgradeCheck = 1120;
				ORGANIZATIONNAME = "Alexander Tu";
				TargetAttributes = {
					FAB381B62368FFC000313E9E = {
						CreatedOnToolsVersion = 11.2;
					};
				};
			};
			buildConfigurationList = FAB381B22368FFC000313E9E /* Build configuration list for PBXProject "Project9" */;
			compatibilityVersion = "Xcode 9.3";
			developmentRegion = en;
			hasScannedForEncodings = 0;
			knownRegions = (
				en,
				Base,
			);
			mainGroup = FAB381AE2368FFC000313E9E;
			productRefGroup = FAB381B82368FFC000313E9E /* Products */;
			projectDirPath = "";
			projectRoot = "";
			targets = (
				FAB381B62368FFC000313E9E /* Project9 */,
			);
		};
/* End PBXProject section */

/* Begin PBXResourcesBuildPhase section */
		FAB381B52368FFC000313E9E /* Resources */ = {
			isa = PBXResourcesBuildPhase;
			buildActionMask = 2147483647;
			files = (
				FAB381C72368FFC100313E9E /* LaunchScreen.storyboard in Resources */,
				FAB381C42368FFC100313E9E /* Assets.xcassets in Resources */,
				FAB381C22368FFC000313E9E /* Main.storyboard in Resources */,
			);
			runOnlyForDeploymentPostprocessing = 0;
		};
/* End PBXResourcesBuildPhase section */

/* Begin PBXSourcesBuildPhase section */
		FAB381B32368FFC000313E9E /* Sources */ = {
			isa = PBXSourcesBuildPhase;
			buildActionMask = 2147483647;
			files = (
				FAB381BF2368FFC000313E9E /* ViewController.swift in Sources */,
				FAB381CF236905E500313E9E /* Petition.swift in Sources */,
				FAB381BB2368FFC000313E9E /* AppDelegate.swift in Sources */,
				FAB381D323690CC400313E9E /* DetailViewController.swift in Sources */,
				FAB381BD2368FFC000313E9E /* SceneDelegate.swift in Sources */,
				FAB381D1236906C500313E9E /* Petitions.swift in Sources */,
			);
			runOnlyForDeploymentPostprocessing = 0;
		};
/* End PBXSourcesBuildPhase section */

/* Begin PBXVariantGroup section */
		FAB381C02368FFC000313E9E /* Main.storyboard */ = {
			isa = PBXVariantGroup;
			children = (
				FAB381C12368FFC000313E9E /* Base */,
			);
			name = Main.storyboard;
			sourceTree = "<group>";
		};
		FAB381C52368FFC100313E9E /* LaunchScreen.storyboard */ = {
			isa = PBXVariantGroup;
			children = (
				FAB381C62368FFC100313E9E /* Base */,
			);
			name = LaunchScreen.storyboard;
			sourceTree = "<group>";
		};
/* End PBXVariantGroup section */

/* Begin XCBuildConfiguration section */
		FAB381C92368FFC100313E9E /* Debug */ = {
			isa = XCBuildConfiguration;
			buildSettings = {
				ALWAYS_SEARCH_USER_PATHS = NO;
				CLANG_ANALYZER_NONNULL = YES;
				CLANG_ANALYZER_NUMBER_OBJECT_CONVERSION = YES_AGGRESSIVE;
				CLANG_CXX_LANGUAGE_STANDARD = "gnu++14";
				CLANG_CXX_LIBRARY = "libc++";
				CLANG_ENABLE_MODULES = YES;
				CLANG_ENABLE_OBJC_ARC = YES;
				CLANG_ENABLE_OBJC_WEAK = YES;
				CLANG_WARN_BLOCK_CAPTURE_AUTORELEASING = YES;
				CLANG_WARN_BOOL_CONVERSION = YES;
				CLANG_WARN_COMMA = YES;
				CLANG_WARN_CONSTANT_CONVERSION = YES;
				CLANG_WARN_DEPRECATED_OBJC_IMPLEMENTATIONS = YES;
				CLANG_WARN_DIRECT_OBJC_ISA_USAGE = YES_ERROR;
				CLANG_WARN_DOCUMENTATION_COMMENTS = YES;
				CLANG_WARN_EMPTY_BODY = YES;
				CLANG_WARN_ENUM_CONVERSION = YES;
				CLANG_WARN_INFINITE_RECURSION = YES;
				CLANG_WARN_INT_CONVERSION = YES;
				CLANG_WARN_NON_LITERAL_NULL_CONVERSION = YES;
				CLANG_WARN_OBJC_IMPLICIT_RETAIN_SELF = YES;
				CLANG_WARN_OBJC_LITERAL_CONVERSION = YES;
				CLANG_WARN_OBJC_ROOT_CLASS = YES_ERROR;
				CLANG_WARN_RANGE_LOOP_ANALYSIS = YES;
				CLANG_WARN_STRICT_PROTOTYPES = YES;
				CLANG_WARN_SUSPICIOUS_MOVE = YES;
				CLANG_WARN_UNGUARDED_AVAILABILITY = YES_AGGRESSIVE;
				CLANG_WARN_UNREACHABLE_CODE = YES;
				CLANG_WARN__DUPLICATE_METHOD_MATCH = YES;
				COPY_PHASE_STRIP = NO;
				DEBUG_INFORMATION_FORMAT = dwarf;
				ENABLE_STRICT_OBJC_MSGSEND = YES;
				ENABLE_TESTABILITY = YES;
				GCC_C_LANGUAGE_STANDARD = gnu11;
				GCC_DYNAMIC_NO_PIC = NO;
				GCC_NO_COMMON_BLOCKS = YES;
				GCC_OPTIMIZATION_LEVEL = 0;
				GCC_PREPROCESSOR_DEFINITIONS = (
					"DEBUG=1",
					"$(inherited)",
				);
				GCC_WARN_64_TO_32_BIT_CONVERSION = YES;
				GCC_WARN_ABOUT_RETURN_TYPE = YES_ERROR;
				GCC_WARN_UNDECLARED_SELECTOR = YES;
				GCC_WARN_UNINITIALIZED_AUTOS = YES_AGGRESSIVE;
				GCC_WARN_UNUSED_FUNCTION = YES;
				GCC_WARN_UNUSED_VARIABLE = YES;
				IPHONEOS_DEPLOYMENT_TARGET = 13.2;
				MTL_ENABLE_DEBUG_INFO = INCLUDE_SOURCE;
				MTL_FAST_MATH = YES;
				ONLY_ACTIVE_ARCH = YES;
				SDKROOT = iphoneos;
				SWIFT_ACTIVE_COMPILATION_CONDITIONS = DEBUG;
				SWIFT_OPTIMIZATION_LEVEL = "-Onone";
			};
			name = Debug;
		};
		FAB381CA2368FFC100313E9E /* Release */ = {
			isa = XCBuildConfiguration;
			buildSettings = {
				ALWAYS_SEARCH_USER_PATHS = NO;
				CLANG_ANALYZER_NONNULL = YES;
				CLANG_ANALYZER_NUMBER_OBJECT_CONVERSION = YES_AGGRESSIVE;
				CLANG_CXX_LANGUAGE_STANDARD = "gnu++14";
				CLANG_CXX_LIBRARY = "libc++";
				CLANG_ENABLE_MODULES = YES;
				CLANG_ENABLE_OBJC_ARC = YES;
				CLANG_ENABLE_OBJC_WEAK = YES;
				CLANG_WARN_BLOCK_CAPTURE_AUTORELEASING = YES;
				CLANG_WARN_BOOL_CONVERSION = YES;
				CLANG_WARN_COMMA = YES;
				CLANG_WARN_CONSTANT_CONVERSION = YES;
				CLANG_WARN_DEPRECATED_OBJC_IMPLEMENTATIONS = YES;
				CLANG_WARN_DIRECT_OBJC_ISA_USAGE = YES_ERROR;
				CLANG_WARN_DOCUMENTATION_COMMENTS = YES;
				CLANG_WARN_EMPTY_BODY = YES;
				CLANG_WARN_ENUM_CONVERSION = YES;
				CLANG_WARN_INFINITE_RECURSION = YES;
				CLANG_WARN_INT_CONVERSION = YES;
				CLANG_WARN_NON_LITERAL_NULL_CONVERSION = YES;
				CLANG_WARN_OBJC_IMPLICIT_RETAIN_SELF = YES;
				CLANG_WARN_OBJC_LITERAL_CONVERSION = YES;
				CLANG_WARN_OBJC_ROOT_CLASS = YES_ERROR;
				CLANG_WARN_RANGE_LOOP_ANALYSIS = YES;
				CLANG_WARN_STRICT_PROTOTYPES = YES;
				CLANG_WARN_SUSPICIOUS_MOVE = YES;
				CLANG_WARN_UNGUARDED_AVAILABILITY = YES_AGGRESSIVE;
				CLANG_WARN_UNREACHABLE_CODE = YES;
				CLANG_WARN__DUPLICATE_METHOD_MATCH = YES;
				COPY_PHASE_STRIP = NO;
				DEBUG_INFORMATION_FORMAT = "dwarf-with-dsym";
				ENABLE_NS_ASSERTIONS = NO;
				ENABLE_STRICT_OBJC_MSGSEND = YES;
				GCC_C_LANGUAGE_STANDARD = gnu11;
				GCC_NO_COMMON_BLOCKS = YES;
				GCC_WARN_64_TO_32_BIT_CONVERSION = YES;
				GCC_WARN_ABOUT_RETURN_TYPE = YES_ERROR;
				GCC_WARN_UNDECLARED_SELECTOR = YES;
				GCC_WARN_UNINITIALIZED_AUTOS = YES_AGGRESSIVE;
				GCC_WARN_UNUSED_FUNCTION = YES;
				GCC_WARN_UNUSED_VARIABLE = YES;
				IPHONEOS_DEPLOYMENT_TARGET = 13.2;
				MTL_ENABLE_DEBUG_INFO = NO;
				MTL_FAST_MATH = YES;
				SDKROOT = iphoneos;
				SWIFT_COMPILATION_MODE = wholemodule;
				SWIFT_OPTIMIZATION_LEVEL = "-O";
				VALIDATE_PRODUCT = YES;
			};
			name = Release;
		};
		FAB381CC2368FFC100313E9E /* Debug */ = {
			isa = XCBuildConfiguration;
			buildSettings = {
				ASSETCATALOG_COMPILER_APPICON_NAME = AppIcon;
				CODE_SIGN_STYLE = Automatic;
				DEVELOPMENT_TEAM = 7WK33P8L9F;
				INFOPLIST_FILE = Project9/Info.plist;
				LD_RUNPATH_SEARCH_PATHS = (
					"$(inherited)",
					"@executable_path/Frameworks",
				);
				PRODUCT_BUNDLE_IDENTIFIER = me.tu.alexander.Project9;
				PRODUCT_NAME = "$(TARGET_NAME)";
				SWIFT_VERSION = 5.0;
				TARGETED_DEVICE_FAMILY = "1,2";
			};
			name = Debug;
		};
		FAB381CD2368FFC100313E9E /* Release */ = {
			isa = XCBuildConfiguration;
			buildSettings = {
				ASSETCATALOG_COMPILER_APPICON_NAME = AppIcon;
				CODE_SIGN_STYLE = Automatic;
				DEVELOPMENT_TEAM = 7WK33P8L9F;
				INFOPLIST_FILE = Project9/Info.plist;
				LD_RUNPATH_SEARCH_PATHS = (
					"$(inherited)",
					"@executable_path/Frameworks",
				);
				PRODUCT_BUNDLE_IDENTIFIER = me.tu.alexander.Project9;
				PRODUCT_NAME = "$(TARGET_NAME)";
				SWIFT_VERSION = 5.0;
				TARGETED_DEVICE_FAMILY = "1,2";
			};
			name = Release;
		};
/* End XCBuildConfiguration section */

/* Begin XCConfigurationList section */
		FAB381B22368FFC000313E9E /* Build configuration list for PBXProject "Project9" */ = {
			isa = XCConfigurationList;
			buildConfigurations = (
				FAB381C92368FFC100313E9E /* Debug */,
				FAB381CA2368FFC100313E9E /* Release */,
			);
			defaultConfigurationIsVisible = 0;
			defaultConfigurationName = Release;
		};
		FAB381CB2368FFC100313E9E /* Build configuration list for PBXNativeTarget "Project9" */ = {
			isa = XCConfigurationList;
			buildConfigurations = (
				FAB381CC2368FFC100313E9E /* Debug */,
				FAB381CD2368FFC100313E9E /* Release */,
			);
			defaultConfigurationIsVisible = 0;
			defaultConfigurationName = Release;
		};
/* End XCConfigurationList section */
	};
	rootObject = FAB381AF2368FFC000313E9E /* Project object */;
}
