// !$*UTF8*$!
{
	archiveVersion = 1;
	classes = {
	};
	objectVersion = 50;
	objects = {

/* Begin PBXBuildFile section */
		FA4394A223E3642800CC3EBF /* AppDelegate.swift in Sources */ = {isa = PBXBuildFile; fileRef = FA4394A123E3642800CC3EBF /* AppDelegate.swift */; };
		FA4394A423E3642800CC3EBF /* SceneDelegate.swift in Sources */ = {isa = PBXBuildFile; fileRef = FA4394A323E3642800CC3EBF /* SceneDelegate.swift */; };
		FA4394A623E3642800CC3EBF /* ViewController.swift in Sources */ = {isa = PBXBuildFile; fileRef = FA4394A523E3642800CC3EBF /* ViewController.swift */; };
		FA4394A923E3642800CC3EBF /* Main.storyboard in Resources */ = {isa = PBXBuildFile; fileRef = FA4394A723E3642800CC3EBF /* Main.storyboard */; };
		FA4394AB23E3642900CC3EBF /* Assets.xcassets in Resources */ = {isa = PBXBuildFile; fileRef = FA4394AA23E3642900CC3EBF /* Assets.xcassets */; };
		FA4394AE23E3642900CC3EBF /* LaunchScreen.storyboard in Resources */ = {isa = PBXBuildFile; fileRef = FA4394AC23E3642900CC3EBF /* LaunchScreen.storyboard */; };
		FA4394B623E3653C00CC3EBF /* RecordWhistleViewController.swift in Sources */ = {isa = PBXBuildFile; fileRef = FA4394B523E3653C00CC3EBF /* RecordWhistleViewController.swift */; };
		FA45DCF023FDEDE600594297 /* ResultsViewController.swift in Sources */ = {isa = PBXBuildFile; fileRef = FA45DCEF23FDEDE600594297 /* ResultsViewController.swift */; };
		FA45DCF223FE025700594297 /* MyGenresViewController.swift in Sources */ = {isa = PBXBuildFile; fileRef = FA45DCF123FE025700594297 /* MyGenresViewController.swift */; };
		FA4CEC2523E47E700092CAD3 /* SelectGenreTableViewController.swift in Sources */ = {isa = PBXBuildFile; fileRef = FA4CEC2423E47E700092CAD3 /* SelectGenreTableViewController.swift */; };
		FA4CEC2723E48A050092CAD3 /* AddCommentsViewController.swift in Sources */ = {isa = PBXBuildFile; fileRef = FA4CEC2623E48A050092CAD3 /* AddCommentsViewController.swift */; };
		FA4CEC2923E48C4C0092CAD3 /* SubmitViewController.swift in Sources */ = {isa = PBXBuildFile; fileRef = FA4CEC2823E48C4C0092CAD3 /* SubmitViewController.swift */; };
		FAF3046523FC639E00C6D3EE /* CloudKit.framework in Frameworks */ = {isa = PBXBuildFile; fileRef = FAF3046423FC639E00C6D3EE /* CloudKit.framework */; };
		FAF3046723FC9EC800C6D3EE /* Whistle.swift in Sources */ = {isa = PBXBuildFile; fileRef = FAF3046623FC9EC800C6D3EE /* Whistle.swift */; };
/* End PBXBuildFile section */

/* Begin PBXFileReference section */
		FA43949E23E3642800CC3EBF /* Project33.app */ = {isa = PBXFileReference; explicitFileType = wrapper.application; includeInIndex = 0; path = Project33.app; sourceTree = BUILT_PRODUCTS_DIR; };
		FA4394A123E3642800CC3EBF /* AppDelegate.swift */ = {isa = PBXFileReference; lastKnownFileType = sourcecode.swift; path = AppDelegate.swift; sourceTree = "<group>"; };
		FA4394A323E3642800CC3EBF /* SceneDelegate.swift */ = {isa = PBXFileReference; lastKnownFileType = sourcecode.swift; path = SceneDelegate.swift; sourceTree = "<group>"; };
		FA4394A523E3642800CC3EBF /* ViewController.swift */ = {isa = PBXFileReference; lastKnownFileType = sourcecode.swift; path = ViewController.swift; sourceTree = "<group>"; };
		FA4394A823E3642800CC3EBF /* Base */ = {isa = PBXFileReference; lastKnownFileType = file.storyboard; name = Base; path = Base.lproj/Main.storyboard; sourceTree = "<group>"; };
		FA4394AA23E3642900CC3EBF /* Assets.xcassets */ = {isa = PBXFileReference; lastKnownFileType = folder.assetcatalog; path = Assets.xcassets; sourceTree = "<group>"; };
		FA4394AD23E3642900CC3EBF /* Base */ = {isa = PBXFileReference; lastKnownFileType = file.storyboard; name = Base; path = Base.lproj/LaunchScreen.storyboard; sourceTree = "<group>"; };
		FA4394AF23E3642900CC3EBF /* Info.plist */ = {isa = PBXFileReference; lastKnownFileType = text.plist.xml; path = Info.plist; sourceTree = "<group>"; };
		FA4394B523E3653C00CC3EBF /* RecordWhistleViewController.swift */ = {isa = PBXFileReference; lastKnownFileType = sourcecode.swift; path = RecordWhistleViewController.swift; sourceTree = "<group>"; };
		FA45DCEF23FDEDE600594297 /* ResultsViewController.swift */ = {isa = PBXFileReference; lastKnownFileType = sourcecode.swift; path = ResultsViewController.swift; sourceTree = "<group>"; };
		FA45DCF123FE025700594297 /* MyGenresViewController.swift */ = {isa = PBXFileReference; lastKnownFileType = sourcecode.swift; path = MyGenresViewController.swift; sourceTree = "<group>"; };
		FA4CEC2423E47E700092CAD3 /* SelectGenreTableViewController.swift */ = {isa = PBXFileReference; lastKnownFileType = sourcecode.swift; path = SelectGenreTableViewController.swift; sourceTree = "<group>"; };
		FA4CEC2623E48A050092CAD3 /* AddCommentsViewController.swift */ = {isa = PBXFileReference; lastKnownFileType = sourcecode.swift; path = AddCommentsViewController.swift; sourceTree = "<group>"; };
		FA4CEC2823E48C4C0092CAD3 /* SubmitViewController.swift */ = {isa = PBXFileReference; lastKnownFileType = sourcecode.swift; path = SubmitViewController.swift; sourceTree = "<group>"; };
		FABA436123E4DAB4006F025E /* Project33.entitlements */ = {isa = PBXFileReference; lastKnownFileType = text.plist.entitlements; path = Project33.entitlements; sourceTree = "<group>"; };
		FAF3046423FC639E00C6D3EE /* CloudKit.framework */ = {isa = PBXFileReference; lastKnownFileType = wrapper.framework; name = CloudKit.framework; path = System/Library/Frameworks/CloudKit.framework; sourceTree = SDKROOT; };
		FAF3046623FC9EC800C6D3EE /* Whistle.swift */ = {isa = PBXFileReference; lastKnownFileType = sourcecode.swift; path = Whistle.swift; sourceTree = "<group>"; };
/* End PBXFileReference section */

/* Begin PBXFrameworksBuildPhase section */
		FA43949B23E3642800CC3EBF /* Frameworks */ = {
			isa = PBXFrameworksBuildPhase;
			buildActionMask = 2147483647;
			files = (
				FAF3046523FC639E00C6D3EE /* CloudKit.framework in Frameworks */,
			);
			runOnlyForDeploymentPostprocessing = 0;
		};
/* End PBXFrameworksBuildPhase section */

/* Begin PBXGroup section */
		FA43949523E3642800CC3EBF = {
			isa = PBXGroup;
			children = (
				FA4394A023E3642800CC3EBF /* Project33 */,
				FA43949F23E3642800CC3EBF /* Products */,
				FAF3046323FC639E00C6D3EE /* Frameworks */,
			);
			sourceTree = "<group>";
		};
		FA43949F23E3642800CC3EBF /* Products */ = {
			isa = PBXGroup;
			children = (
				FA43949E23E3642800CC3EBF /* Project33.app */,
			);
			name = Products;
			sourceTree = "<group>";
		};
		FA4394A023E3642800CC3EBF /* Project33 */ = {
			isa = PBXGroup;
			children = (
				FABA436123E4DAB4006F025E /* Project33.entitlements */,
				FA4394A123E3642800CC3EBF /* AppDelegate.swift */,
				FA4394A323E3642800CC3EBF /* SceneDelegate.swift */,
				FA4394A523E3642800CC3EBF /* ViewController.swift */,
				FA45DCEF23FDEDE600594297 /* ResultsViewController.swift */,
				FA45DCF123FE025700594297 /* MyGenresViewController.swift */,
				FA4394B523E3653C00CC3EBF /* RecordWhistleViewController.swift */,
				FA4CEC2423E47E700092CAD3 /* SelectGenreTableViewController.swift */,
				FA4CEC2623E48A050092CAD3 /* AddCommentsViewController.swift */,
				FA4CEC2823E48C4C0092CAD3 /* SubmitViewController.swift */,
				FA4394A723E3642800CC3EBF /* Main.storyboard */,
				FAF3046623FC9EC800C6D3EE /* Whistle.swift */,
				FA4394AA23E3642900CC3EBF /* Assets.xcassets */,
				FA4394AC23E3642900CC3EBF /* LaunchScreen.storyboard */,
				FA4394AF23E3642900CC3EBF /* Info.plist */,
			);
			path = Project33;
			sourceTree = "<group>";
		};
		FAF3046323FC639E00C6D3EE /* Frameworks */ = {
			isa = PBXGroup;
			children = (
				FAF3046423FC639E00C6D3EE /* CloudKit.framework */,
			);
			name = Frameworks;
			sourceTree = "<group>";
		};
/* End PBXGroup section */

/* Begin PBXNativeTarget section */
		FA43949D23E3642800CC3EBF /* Project33 */ = {
			isa = PBXNativeTarget;
			buildConfigurationList = FA4394B223E3642900CC3EBF /* Build configuration list for PBXNativeTarget "Project33" */;
			buildPhases = (
				FA43949A23E3642800CC3EBF /* Sources */,
				FA43949B23E3642800CC3EBF /* Frameworks */,
				FA43949C23E3642800CC3EBF /* Resources */,
			);
			buildRules = (
			);
			dependencies = (
			);
			name = Project33;
			productName = Project33;
			productReference = FA43949E23E3642800CC3EBF /* Project33.app */;
			productType = "com.apple.product-type.application";
		};
/* End PBXNativeTarget section */

/* Begin PBXProject section */
		FA43949623E3642800CC3EBF /* Project object */ = {
			isa = PBXProject;
			attributes = {
				LastSwiftUpdateCheck = 1130;
				LastUpgradeCheck = 1130;
				ORGANIZATIONNAME = "Alexander Tu";
				TargetAttributes = {
					FA43949D23E3642800CC3EBF = {
						CreatedOnToolsVersion = 11.3.1;
					};
				};
			};
			buildConfigurationList = FA43949923E3642800CC3EBF /* Build configuration list for PBXProject "Project33" */;
			compatibilityVersion = "Xcode 9.3";
			developmentRegion = en;
			hasScannedForEncodings = 0;
			knownRegions = (
				en,
				Base,
			);
			mainGroup = FA43949523E3642800CC3EBF;
			productRefGroup = FA43949F23E3642800CC3EBF /* Products */;
			projectDirPath = "";
			projectRoot = "";
			targets = (
				FA43949D23E3642800CC3EBF /* Project33 */,
			);
		};
/* End PBXProject section */

/* Begin PBXResourcesBuildPhase section */
		FA43949C23E3642800CC3EBF /* Resources */ = {
			isa = PBXResourcesBuildPhase;
			buildActionMask = 2147483647;
			files = (
				FA4394AE23E3642900CC3EBF /* LaunchScreen.storyboard in Resources */,
				FA4394AB23E3642900CC3EBF /* Assets.xcassets in Resources */,
				FA4394A923E3642800CC3EBF /* Main.storyboard in Resources */,
			);
			runOnlyForDeploymentPostprocessing = 0;
		};
/* End PBXResourcesBuildPhase section */

/* Begin PBXSourcesBuildPhase section */
		FA43949A23E3642800CC3EBF /* Sources */ = {
			isa = PBXSourcesBuildPhase;
			buildActionMask = 2147483647;
			files = (
				FAF3046723FC9EC800C6D3EE /* Whistle.swift in Sources */,
				FA4CEC2923E48C4C0092CAD3 /* SubmitViewController.swift in Sources */,
				FA4394A623E3642800CC3EBF /* ViewController.swift in Sources */,
				FA4394A223E3642800CC3EBF /* AppDelegate.swift in Sources */,
				FA4394B623E3653C00CC3EBF /* RecordWhistleViewController.swift in Sources */,
				FA45DCF023FDEDE600594297 /* ResultsViewController.swift in Sources */,
				FA4CEC2523E47E700092CAD3 /* SelectGenreTableViewController.swift in Sources */,
				FA4CEC2723E48A050092CAD3 /* AddCommentsViewController.swift in Sources */,
				FA45DCF223FE025700594297 /* MyGenresViewController.swift in Sources */,
				FA4394A423E3642800CC3EBF /* SceneDelegate.swift in Sources */,
			);
			runOnlyForDeploymentPostprocessing = 0;
		};
/* End PBXSourcesBuildPhase section */

/* Begin PBXVariantGroup section */
		FA4394A723E3642800CC3EBF /* Main.storyboard */ = {
			isa = PBXVariantGroup;
			children = (
				FA4394A823E3642800CC3EBF /* Base */,
			);
			name = Main.storyboard;
			sourceTree = "<group>";
		};
		FA4394AC23E3642900CC3EBF /* LaunchScreen.storyboard */ = {
			isa = PBXVariantGroup;
			children = (
				FA4394AD23E3642900CC3EBF /* Base */,
			);
			name = LaunchScreen.storyboard;
			sourceTree = "<group>";
		};
/* End PBXVariantGroup section */

/* Begin XCBuildConfiguration section */
		FA4394B023E3642900CC3EBF /* Debug */ = {
			isa = XCBuildConfiguration;
			buildSettings = {
				ALWAYS_SEARCH_USER_PATHS = NO;
				CLANG_ANALYZER_NONNULL = YES;
				CLANG_ANALYZER_NUMBER_OBJECT_CONVERSION = YES_AGGRESSIVE;
				CLANG_CXX_LANGUAGE_STANDARD = "gnu++14";
				CLANG_CXX_LIBRARY = "libc++";
				CLANG_ENABLE_MODULES = YES;
				CLANG_ENABLE_OBJC_ARC = YES;
				CLANG_ENABLE_OBJC_WEAK = YES;
				CLANG_WARN_BLOCK_CAPTURE_AUTORELEASING = YES;
				CLANG_WARN_BOOL_CONVERSION = YES;
				CLANG_WARN_COMMA = YES;
				CLANG_WARN_CONSTANT_CONVERSION = YES;
				CLANG_WARN_DEPRECATED_OBJC_IMPLEMENTATIONS = YES;
				CLANG_WARN_DIRECT_OBJC_ISA_USAGE = YES_ERROR;
				CLANG_WARN_DOCUMENTATION_COMMENTS = YES;
				CLANG_WARN_EMPTY_BODY = YES;
				CLANG_WARN_ENUM_CONVERSION = YES;
				CLANG_WARN_INFINITE_RECURSION = YES;
				CLANG_WARN_INT_CONVERSION = YES;
				CLANG_WARN_NON_LITERAL_NULL_CONVERSION = YES;
				CLANG_WARN_OBJC_IMPLICIT_RETAIN_SELF = YES;
				CLANG_WARN_OBJC_LITERAL_CONVERSION = YES;
				CLANG_WARN_OBJC_ROOT_CLASS = YES_ERROR;
				CLANG_WARN_RANGE_LOOP_ANALYSIS = YES;
				CLANG_WARN_STRICT_PROTOTYPES = YES;
				CLANG_WARN_SUSPICIOUS_MOVE = YES;
				CLANG_WARN_UNGUARDED_AVAILABILITY = YES_AGGRESSIVE;
				CLANG_WARN_UNREACHABLE_CODE = YES;
				CLANG_WARN__DUPLICATE_METHOD_MATCH = YES;
				COPY_PHASE_STRIP = NO;
				DEBUG_INFORMATION_FORMAT = dwarf;
				ENABLE_STRICT_OBJC_MSGSEND = YES;
				ENABLE_TESTABILITY = YES;
				GCC_C_LANGUAGE_STANDARD = gnu11;
				GCC_DYNAMIC_NO_PIC = NO;
				GCC_NO_COMMON_BLOCKS = YES;
				GCC_OPTIMIZATION_LEVEL = 0;
				GCC_PREPROCESSOR_DEFINITIONS = (
					"DEBUG=1",
					"$(inherited)",
				);
				GCC_WARN_64_TO_32_BIT_CONVERSION = YES;
				GCC_WARN_ABOUT_RETURN_TYPE = YES_ERROR;
				GCC_WARN_UNDECLARED_SELECTOR = YES;
				GCC_WARN_UNINITIALIZED_AUTOS = YES_AGGRESSIVE;
				GCC_WARN_UNUSED_FUNCTION = YES;
				GCC_WARN_UNUSED_VARIABLE = YES;
				IPHONEOS_DEPLOYMENT_TARGET = 13.2;
				MTL_ENABLE_DEBUG_INFO = INCLUDE_SOURCE;
				MTL_FAST_MATH = YES;
				ONLY_ACTIVE_ARCH = YES;
				SDKROOT = iphoneos;
				SWIFT_ACTIVE_COMPILATION_CONDITIONS = DEBUG;
				SWIFT_OPTIMIZATION_LEVEL = "-Onone";
			};
			name = Debug;
		};
		FA4394B123E3642900CC3EBF /* Release */ = {
			isa = XCBuildConfiguration;
			buildSettings = {
				ALWAYS_SEARCH_USER_PATHS = NO;
				CLANG_ANALYZER_NONNULL = YES;
				CLANG_ANALYZER_NUMBER_OBJECT_CONVERSION = YES_AGGRESSIVE;
				CLANG_CXX_LANGUAGE_STANDARD = "gnu++14";
				CLANG_CXX_LIBRARY = "libc++";
				CLANG_ENABLE_MODULES = YES;
				CLANG_ENABLE_OBJC_ARC = YES;
				CLANG_ENABLE_OBJC_WEAK = YES;
				CLANG_WARN_BLOCK_CAPTURE_AUTORELEASING = YES;
				CLANG_WARN_BOOL_CONVERSION = YES;
				CLANG_WARN_COMMA = YES;
				CLANG_WARN_CONSTANT_CONVERSION = YES;
				CLANG_WARN_DEPRECATED_OBJC_IMPLEMENTATIONS = YES;
				CLANG_WARN_DIRECT_OBJC_ISA_USAGE = YES_ERROR;
				CLANG_WARN_DOCUMENTATION_COMMENTS = YES;
				CLANG_WARN_EMPTY_BODY = YES;
				CLANG_WARN_ENUM_CONVERSION = YES;
				CLANG_WARN_INFINITE_RECURSION = YES;
				CLANG_WARN_INT_CONVERSION = YES;
				CLANG_WARN_NON_LITERAL_NULL_CONVERSION = YES;
				CLANG_WARN_OBJC_IMPLICIT_RETAIN_SELF = YES;
				CLANG_WARN_OBJC_LITERAL_CONVERSION = YES;
				CLANG_WARN_OBJC_ROOT_CLASS = YES_ERROR;
				CLANG_WARN_RANGE_LOOP_ANALYSIS = YES;
				CLANG_WARN_STRICT_PROTOTYPES = YES;
				CLANG_WARN_SUSPICIOUS_MOVE = YES;
				CLANG_WARN_UNGUARDED_AVAILABILITY = YES_AGGRESSIVE;
				CLANG_WARN_UNREACHABLE_CODE = YES;
				CLANG_WARN__DUPLICATE_METHOD_MATCH = YES;
				COPY_PHASE_STRIP = NO;
				DEBUG_INFORMATION_FORMAT = "dwarf-with-dsym";
				ENABLE_NS_ASSERTIONS = NO;
				ENABLE_STRICT_OBJC_MSGSEND = YES;
				GCC_C_LANGUAGE_STANDARD = gnu11;
				GCC_NO_COMMON_BLOCKS = YES;
				GCC_WARN_64_TO_32_BIT_CONVERSION = YES;
				GCC_WARN_ABOUT_RETURN_TYPE = YES_ERROR;
				GCC_WARN_UNDECLARED_SELECTOR = YES;
				GCC_WARN_UNINITIALIZED_AUTOS = YES_AGGRESSIVE;
				GCC_WARN_UNUSED_FUNCTION = YES;
				GCC_WARN_UNUSED_VARIABLE = YES;
				IPHONEOS_DEPLOYMENT_TARGET = 13.2;
				MTL_ENABLE_DEBUG_INFO = NO;
				MTL_FAST_MATH = YES;
				SDKROOT = iphoneos;
				SWIFT_COMPILATION_MODE = wholemodule;
				SWIFT_OPTIMIZATION_LEVEL = "-O";
				VALIDATE_PRODUCT = YES;
			};
			name = Release;
		};
		FA4394B323E3642900CC3EBF /* Debug */ = {
			isa = XCBuildConfiguration;
			buildSettings = {
				ASSETCATALOG_COMPILER_APPICON_NAME = AppIcon;
				CODE_SIGN_ENTITLEMENTS = Project33/Project33.entitlements;
				CODE_SIGN_STYLE = Automatic;
				DEVELOPMENT_TEAM = 7WK33P8L9F;
				INFOPLIST_FILE = Project33/Info.plist;
				LD_RUNPATH_SEARCH_PATHS = (
					"$(inherited)",
					"@executable_path/Frameworks",
				);
				PRODUCT_BUNDLE_IDENTIFIER = me.tu.alexander.Project33;
				PRODUCT_NAME = "$(TARGET_NAME)";
				SWIFT_VERSION = 5.0;
				TARGETED_DEVICE_FAMILY = "1,2";
			};
			name = Debug;
		};
		FA4394B423E3642900CC3EBF /* Release */ = {
			isa = XCBuildConfiguration;
			buildSettings = {
				ASSETCATALOG_COMPILER_APPICON_NAME = AppIcon;
				CODE_SIGN_ENTITLEMENTS = Project33/Project33.entitlements;
				CODE_SIGN_STYLE = Automatic;
				DEVELOPMENT_TEAM = 7WK33P8L9F;
				INFOPLIST_FILE = Project33/Info.plist;
				LD_RUNPATH_SEARCH_PATHS = (
					"$(inherited)",
					"@executable_path/Frameworks",
				);
				PRODUCT_BUNDLE_IDENTIFIER = me.tu.alexander.Project33;
				PRODUCT_NAME = "$(TARGET_NAME)";
				SWIFT_VERSION = 5.0;
				TARGETED_DEVICE_FAMILY = "1,2";
			};
			name = Release;
		};
/* End XCBuildConfiguration section */

/* Begin XCConfigurationList section */
		FA43949923E3642800CC3EBF /* Build configuration list for PBXProject "Project33" */ = {
			isa = XCConfigurationList;
			buildConfigurations = (
				FA4394B023E3642900CC3EBF /* Debug */,
				FA4394B123E3642900CC3EBF /* Release */,
			);
			defaultConfigurationIsVisible = 0;
			defaultConfigurationName = Release;
		};
		FA4394B223E3642900CC3EBF /* Build configuration list for PBXNativeTarget "Project33" */ = {
			isa = XCConfigurationList;
			buildConfigurations = (
				FA4394B323E3642900CC3EBF /* Debug */,
				FA4394B423E3642900CC3EBF /* Release */,
			);
			defaultConfigurationIsVisible = 0;
			defaultConfigurationName = Release;
		};
/* End XCConfigurationList section */
	};
	rootObject = FA43949623E3642800CC3EBF /* Project object */;
}
